// !$*UTF8*$!
{
	archiveVersion = 1;
	classes = {
	};
	objectVersion = 56;
	objects = {

/* Begin PBXBuildFile section */
		142D9F8F2BA15FBB005FE9E0 /* .swiftlint.yml in Resources */ = {isa = PBXBuildFile; fileRef = 142D9F8E2BA15FBB005FE9E0 /* .swiftlint.yml */; };
		143AA38C2BA4D3E3009C28E7 /* JumpEvent.swift in Sources */ = {isa = PBXBuildFile; fileRef = 143AA38B2BA4D3E3009C28E7 /* JumpEvent.swift */; };
		143AA38F2BA4D61A009C28E7 /* CGVector.swift in Sources */ = {isa = PBXBuildFile; fileRef = 143AA38E2BA4D61A009C28E7 /* CGVector.swift */; };
		143AA3912BA4D7AC009C28E7 /* MonsterDeathEvent.swift in Sources */ = {isa = PBXBuildFile; fileRef = 143AA3902BA4D7AC009C28E7 /* MonsterDeathEvent.swift */; };
		143AA3932BA4DBE7009C28E7 /* PlayerMonsterContactEvent.swift in Sources */ = {isa = PBXBuildFile; fileRef = 143AA3922BA4DBE7009C28E7 /* PlayerMonsterContactEvent.swift */; };
		143AA3952BA4DF1C009C28E7 /* MonsterAttackPlayerEvent.swift in Sources */ = {isa = PBXBuildFile; fileRef = 143AA3942BA4DF1C009C28E7 /* MonsterAttackPlayerEvent.swift */; };
		143AA3972BA4E0D9009C28E7 /* PickupCollectibleEvent.swift in Sources */ = {isa = PBXBuildFile; fileRef = 143AA3962BA4E0D9009C28E7 /* PickupCollectibleEvent.swift */; };
		145F2C802BA203B400457549 /* Event.swift in Sources */ = {isa = PBXBuildFile; fileRef = 145F2C7F2BA203B400457549 /* Event.swift */; };
		145F2C842BA22CA300457549 /* EventModifiable.swift in Sources */ = {isa = PBXBuildFile; fileRef = 145F2C832BA22CA300457549 /* EventModifiable.swift */; };
		1471B0A02BA6A70600878B14 /* HealthSystem.swift in Sources */ = {isa = PBXBuildFile; fileRef = 1471B09F2BA6A70600878B14 /* HealthSystem.swift */; };
		1471B0A22BA6AA2200878B14 /* RespawnEvent.swift in Sources */ = {isa = PBXBuildFile; fileRef = 1471B0A12BA6AA2200878B14 /* RespawnEvent.swift */; };
		1471B0A42BA6AAF200878B14 /* PlayerDeathEvent.swift in Sources */ = {isa = PBXBuildFile; fileRef = 1471B0A32BA6AAF200878B14 /* PlayerDeathEvent.swift */; };
		1471B0A62BA6AC2D00878B14 /* PlayerAttackMonsterEvent.swift in Sources */ = {isa = PBXBuildFile; fileRef = 1471B0A52BA6AC2D00878B14 /* PlayerAttackMonsterEvent.swift */; };
		1471B0AD2BA6AE4E00878B14 /* UseGrappleHookEvent.swift in Sources */ = {isa = PBXBuildFile; fileRef = 1471B0AC2BA6AE4E00878B14 /* UseGrappleHookEvent.swift */; };
		14970F502BA814D500CC1E8A /* ScoreComponent.swift in Sources */ = {isa = PBXBuildFile; fileRef = 14970F4F2BA814D500CC1E8A /* ScoreComponent.swift */; };
		14970F522BA8159800CC1E8A /* ScoreComponentTests.swift in Sources */ = {isa = PBXBuildFile; fileRef = 14970F512BA8159800CC1E8A /* ScoreComponentTests.swift */; };
		14970F542BA8163300CC1E8A /* ScoreSystem.swift in Sources */ = {isa = PBXBuildFile; fileRef = 14970F532BA8163300CC1E8A /* ScoreSystem.swift */; };
		14970F562BA8177B00CC1E8A /* GameConstants.swift in Sources */ = {isa = PBXBuildFile; fileRef = 14970F552BA8177B00CC1E8A /* GameConstants.swift */; };
		14D14B732BA5A3CD00386C3B /* RemoveEvent.swift in Sources */ = {isa = PBXBuildFile; fileRef = 14D14B722BA5A3CD00386C3B /* RemoveEvent.swift */; };
		14E2478E2BA22FCE0071FFC0 /* MoveEvent.swift in Sources */ = {isa = PBXBuildFile; fileRef = 14E2478D2BA22FCE0071FFC0 /* MoveEvent.swift */; };
		14E247932BA2CA920071FFC0 /* DequeModule in Frameworks */ = {isa = PBXBuildFile; productRef = 14E247922BA2CA920071FFC0 /* DequeModule */; };
		14E247952BA2CB480071FFC0 /* EventManager.swift in Sources */ = {isa = PBXBuildFile; fileRef = 14E247942BA2CB480071FFC0 /* EventManager.swift */; };
		4604BBD52BA819C70078B84C /* InventoryComponent.swift in Sources */ = {isa = PBXBuildFile; fileRef = 4604BBD42BA819C70078B84C /* InventoryComponent.swift */; };
		4604BBD92BA81C940078B84C /* InventorySystem.swift in Sources */ = {isa = PBXBuildFile; fileRef = 4604BBD82BA81C940078B84C /* InventorySystem.swift */; };
		460A20092BB1B524002597B8 /* EventListener.swift in Sources */ = {isa = PBXBuildFile; fileRef = 460A20082BB1B524002597B8 /* EventListener.swift */; };
		460A200B2BB1D04F002597B8 /* AttackSystem.swift in Sources */ = {isa = PBXBuildFile; fileRef = 460A200A2BB1D04F002597B8 /* AttackSystem.swift */; };
		460A200D2BB1DF27002597B8 /* PlayerSystem.swift in Sources */ = {isa = PBXBuildFile; fileRef = 460A200C2BB1DF27002597B8 /* PlayerSystem.swift */; };
		460A200F2BB1E1F1002597B8 /* CollisionSystem.swift in Sources */ = {isa = PBXBuildFile; fileRef = 460A200E2BB1E1F1002597B8 /* CollisionSystem.swift */; };
		460A20112BB1E6DF002597B8 /* MonsterSystem.swift in Sources */ = {isa = PBXBuildFile; fileRef = 460A20102BB1E6DF002597B8 /* MonsterSystem.swift */; };
		461148912BA1CDBF0073E7E1 /* SystemManager.swift in Sources */ = {isa = PBXBuildFile; fileRef = 461148902BA1CDBF0073E7E1 /* SystemManager.swift */; };
		461148932BA1D04B0073E7E1 /* System.swift in Sources */ = {isa = PBXBuildFile; fileRef = 461148922BA1D04B0073E7E1 /* System.swift */; };
		461148962BA1D53D0073E7E1 /* PositionSystem.swift in Sources */ = {isa = PBXBuildFile; fileRef = 461148952BA1D53D0073E7E1 /* PositionSystem.swift */; };
		461148982BA1E41F0073E7E1 /* PhysicsSystem.swift in Sources */ = {isa = PBXBuildFile; fileRef = 461148972BA1E41F0073E7E1 /* PhysicsSystem.swift */; };
		46B8C09A2BA328D900498705 /* GameEngine.swift in Sources */ = {isa = PBXBuildFile; fileRef = 46B8C0992BA328D900498705 /* GameEngine.swift */; };
		46C3B1C02BB45C2700F10574 /* EntityFactory.swift in Sources */ = {isa = PBXBuildFile; fileRef = 46C3B1BF2BB45C2700F10574 /* EntityFactory.swift */; };
		46C3B1C22BB467BB00F10574 /* EntityManagerInterface.swift in Sources */ = {isa = PBXBuildFile; fileRef = 46C3B1C12BB467BB00F10574 /* EntityManagerInterface.swift */; };
		46C3B1C42BB5055F00F10574 /* EntityBuilder.swift in Sources */ = {isa = PBXBuildFile; fileRef = 46C3B1C32BB5055F00F10574 /* EntityBuilder.swift */; };
		46C3B1C72BB596DE00F10574 /* GrappleHook.swift in Sources */ = {isa = PBXBuildFile; fileRef = 46C3B1C62BB596DE00F10574 /* GrappleHook.swift */; };
		46C3B1C92BB5974D00F10574 /* GrappleHookComponent.swift in Sources */ = {isa = PBXBuildFile; fileRef = 46C3B1C82BB5974D00F10574 /* GrappleHookComponent.swift */; };
		46C3B1CB2BB5976200F10574 /* GrappleHookOwnerComponent.swift in Sources */ = {isa = PBXBuildFile; fileRef = 46C3B1CA2BB5976200F10574 /* GrappleHookOwnerComponent.swift */; };
		46C3B1CE2BB59E3000F10574 /* GrappleHookSystem.swift in Sources */ = {isa = PBXBuildFile; fileRef = 46C3B1CD2BB59E3000F10574 /* GrappleHookSystem.swift */; };
		46C3B1D02BB59F7500F10574 /* ShootGrappleHookEvent.swift in Sources */ = {isa = PBXBuildFile; fileRef = 46C3B1CF2BB59F7500F10574 /* ShootGrappleHookEvent.swift */; };
		46C3B1D22BB59F8600F10574 /* RetractGrappleHookEvent.swift in Sources */ = {isa = PBXBuildFile; fileRef = 46C3B1D12BB59F8600F10574 /* RetractGrappleHookEvent.swift */; };
		46C3B1D42BB59F9200F10574 /* SwingGrappleHookEvent.swift in Sources */ = {isa = PBXBuildFile; fileRef = 46C3B1D32BB59F9200F10574 /* SwingGrappleHookEvent.swift */; };
		46C3B1D62BB59F9B00F10574 /* ReleaseGrappleHookEvent.swift in Sources */ = {isa = PBXBuildFile; fileRef = 46C3B1D52BB59F9B00F10574 /* ReleaseGrappleHookEvent.swift */; };
		46C3B1D82BB654F400F10574 /* GrappleHook+Collidable.swift in Sources */ = {isa = PBXBuildFile; fileRef = 46C3B1D72BB654F400F10574 /* GrappleHook+Collidable.swift */; };
		46C3B1DA2BB656F000F10574 /* GrappleHookObstacleContactEvent.swift in Sources */ = {isa = PBXBuildFile; fileRef = 46C3B1D92BB656F000F10574 /* GrappleHookObstacleContactEvent.swift */; };
		46D3C5C72BB702BD008CC24F /* Rope.swift in Sources */ = {isa = PBXBuildFile; fileRef = 46D3C5C62BB702BD008CC24F /* Rope.swift */; };
		46D3C5C92BB70541008CC24F /* OwnsRopeComponent.swift in Sources */ = {isa = PBXBuildFile; fileRef = 46D3C5C82BB70541008CC24F /* OwnsRopeComponent.swift */; };
		46D3C5CB2BB70DDA008CC24F /* SpriteSystem.swift in Sources */ = {isa = PBXBuildFile; fileRef = 46D3C5CA2BB70DDA008CC24F /* SpriteSystem.swift */; };
		46D418112BA5C88B0091A38B /* Wall.swift in Sources */ = {isa = PBXBuildFile; fileRef = 46D418102BA5C88B0091A38B /* Wall.swift */; };
		46D418132BA5C9930091A38B /* Floor.swift in Sources */ = {isa = PBXBuildFile; fileRef = 46D418122BA5C9930091A38B /* Floor.swift */; };
		46D418162BA5CBD60091A38B /* Collidable.swift in Sources */ = {isa = PBXBuildFile; fileRef = 46D418152BA5CBD60091A38B /* Collidable.swift */; };
		46D418182BA5CD840091A38B /* Player+Collidable.swift in Sources */ = {isa = PBXBuildFile; fileRef = 46D418172BA5CD840091A38B /* Player+Collidable.swift */; };
		46D4181A2BA5CDBD0091A38B /* CollisionHandler.swift in Sources */ = {isa = PBXBuildFile; fileRef = 46D418192BA5CDBD0091A38B /* CollisionHandler.swift */; };
		46D4181E2BA5D2620091A38B /* Monster+Collidable.swift in Sources */ = {isa = PBXBuildFile; fileRef = 46D4181D2BA5D2620091A38B /* Monster+Collidable.swift */; };
		46D418202BA5D3420091A38B /* Collectible+Collidable.swift in Sources */ = {isa = PBXBuildFile; fileRef = 46D4181F2BA5D3420091A38B /* Collectible+Collidable.swift */; };
		46D418222BA5D4E60091A38B /* Obstacle+Collidable.swift in Sources */ = {isa = PBXBuildFile; fileRef = 46D418212BA5D4E60091A38B /* Obstacle+Collidable.swift */; };
		46D418242BA5D5280091A38B /* Tool+Collidable.swift in Sources */ = {isa = PBXBuildFile; fileRef = 46D418232BA5D5280091A38B /* Tool+Collidable.swift */; };
		46D418262BA5D6500091A38B /* Wall+Collidable.swift in Sources */ = {isa = PBXBuildFile; fileRef = 46D418252BA5D6500091A38B /* Wall+Collidable.swift */; };
		46D418282BA5D6800091A38B /* Floor+Collidable.swift in Sources */ = {isa = PBXBuildFile; fileRef = 46D418272BA5D6800091A38B /* Floor+Collidable.swift */; };
		4E0905FF2BB4A4EB00DE666B /* PlayerInfo.swift in Sources */ = {isa = PBXBuildFile; fileRef = 4E0905FE2BB4A4EB00DE666B /* PlayerInfo.swift */; };
		4E3458DF2BA7490B00E817C6 /* EntityManagerTests.swift in Sources */ = {isa = PBXBuildFile; fileRef = 4E3458DE2BA7490B00E817C6 /* EntityManagerTests.swift */; };
		4E3458E52BA75E6800E817C6 /* PositionComponentTests.swift in Sources */ = {isa = PBXBuildFile; fileRef = 4E3458E42BA75E6800E817C6 /* PositionComponentTests.swift */; };
		4E3458E72BA75E7100E817C6 /* HealthComponentTests.swift in Sources */ = {isa = PBXBuildFile; fileRef = 4E3458E62BA75E7100E817C6 /* HealthComponentTests.swift */; };
		4E3458E92BA75E7C00E817C6 /* SpriteComponentTests.swift in Sources */ = {isa = PBXBuildFile; fileRef = 4E3458E82BA75E7C00E817C6 /* SpriteComponentTests.swift */; };
		4E3458EB2BA75E8B00E817C6 /* PhysicsComponentTests.swift in Sources */ = {isa = PBXBuildFile; fileRef = 4E3458EA2BA75E8B00E817C6 /* PhysicsComponentTests.swift */; };
		4E3458ED2BA75F1200E817C6 /* Util.swift in Sources */ = {isa = PBXBuildFile; fileRef = 4E3458EC2BA75F1200E817C6 /* Util.swift */; };
		4E59E2512BAB2EAE007B3FA7 /* StorageManager.swift in Sources */ = {isa = PBXBuildFile; fileRef = 4E59E2502BAB2EAE007B3FA7 /* StorageManager.swift */; };
		4E59E2532BAB3061007B3FA7 /* Database.swift in Sources */ = {isa = PBXBuildFile; fileRef = 4E59E2522BAB3061007B3FA7 /* Database.swift */; };
		4E59E2562BAB33EC007B3FA7 /* SQLite in Frameworks */ = {isa = PBXBuildFile; productRef = 4E59E2552BAB33EC007B3FA7 /* SQLite */; };
		4E59E2582BAB3B5B007B3FA7 /* data.json in Resources */ = {isa = PBXBuildFile; fileRef = 4E59E2572BAB3B5B007B3FA7 /* data.json */; };
		4E59E25B2BAB3FDB007B3FA7 /* Level.swift in Sources */ = {isa = PBXBuildFile; fileRef = 4E59E25A2BAB3FDB007B3FA7 /* Level.swift */; };
		4E59E25F2BAB4134007B3FA7 /* EntityType.swift in Sources */ = {isa = PBXBuildFile; fileRef = 4E59E25E2BAB4134007B3FA7 /* EntityType.swift */; };
		4E59E2632BACB9E2007B3FA7 /* LevelData.swift in Sources */ = {isa = PBXBuildFile; fileRef = 4E59E2622BACB9E2007B3FA7 /* LevelData.swift */; };
		4E630EF62B9F7E070008F887 /* AppDelegate.swift in Sources */ = {isa = PBXBuildFile; fileRef = 4E630EF52B9F7E070008F887 /* AppDelegate.swift */; };
		4E630EF82B9F7E070008F887 /* SceneDelegate.swift in Sources */ = {isa = PBXBuildFile; fileRef = 4E630EF72B9F7E070008F887 /* SceneDelegate.swift */; };
		4E630EFA2B9F7E070008F887 /* ViewController.swift in Sources */ = {isa = PBXBuildFile; fileRef = 4E630EF92B9F7E070008F887 /* ViewController.swift */; };
		4E630EFD2B9F7E070008F887 /* Main.storyboard in Resources */ = {isa = PBXBuildFile; fileRef = 4E630EFB2B9F7E070008F887 /* Main.storyboard */; };
		4E630EFF2B9F7E090008F887 /* Assets.xcassets in Resources */ = {isa = PBXBuildFile; fileRef = 4E630EFE2B9F7E090008F887 /* Assets.xcassets */; };
		4E630F022B9F7E090008F887 /* LaunchScreen.storyboard in Resources */ = {isa = PBXBuildFile; fileRef = 4E630F002B9F7E090008F887 /* LaunchScreen.storyboard */; };
		4E630F0D2B9F7E090008F887 /* star_dashTests.swift in Sources */ = {isa = PBXBuildFile; fileRef = 4E630F0C2B9F7E090008F887 /* star_dashTests.swift */; };
		4E630F172B9F7E090008F887 /* star_dashUITests.swift in Sources */ = {isa = PBXBuildFile; fileRef = 4E630F162B9F7E090008F887 /* star_dashUITests.swift */; };
		4E630F192B9F7E090008F887 /* star_dashUITestsLaunchTests.swift in Sources */ = {isa = PBXBuildFile; fileRef = 4E630F182B9F7E090008F887 /* star_dashUITestsLaunchTests.swift */; };
		4E630F272B9F7E770008F887 /* Entity.swift in Sources */ = {isa = PBXBuildFile; fileRef = 4E630F262B9F7E770008F887 /* Entity.swift */; };
		4E630F2A2B9F7EF60008F887 /* PositionComponent.swift in Sources */ = {isa = PBXBuildFile; fileRef = 4E630F292B9F7EF60008F887 /* PositionComponent.swift */; };
		4E630F2C2B9F7F460008F887 /* Component.swift in Sources */ = {isa = PBXBuildFile; fileRef = 4E630F2B2B9F7F460008F887 /* Component.swift */; };
		4E630F2E2B9F81850008F887 /* HealthComponent.swift in Sources */ = {isa = PBXBuildFile; fileRef = 4E630F2D2B9F81850008F887 /* HealthComponent.swift */; };
		4E630F302B9F83DE0008F887 /* SpriteComponent.swift in Sources */ = {isa = PBXBuildFile; fileRef = 4E630F2F2B9F83DE0008F887 /* SpriteComponent.swift */; };
		4E630F322B9F887C0008F887 /* PhysicsComponent.swift in Sources */ = {isa = PBXBuildFile; fileRef = 4E630F312B9F887C0008F887 /* PhysicsComponent.swift */; };
		4E630F342B9F8FC00008F887 /* Player.swift in Sources */ = {isa = PBXBuildFile; fileRef = 4E630F332B9F8FC00008F887 /* Player.swift */; };
		4E630F372B9F91DE0008F887 /* PlayerSprite.swift in Sources */ = {isa = PBXBuildFile; fileRef = 4E630F362B9F91DE0008F887 /* PlayerSprite.swift */; };
		4E630F392B9F943B0008F887 /* EntityManager.swift in Sources */ = {isa = PBXBuildFile; fileRef = 4E630F382B9F943B0008F887 /* EntityManager.swift */; };
		4E86605C2BA095460035530D /* Monster.swift in Sources */ = {isa = PBXBuildFile; fileRef = 4E86605B2BA095460035530D /* Monster.swift */; };
		4E86605F2BA095E30035530D /* Collectible.swift in Sources */ = {isa = PBXBuildFile; fileRef = 4E86605E2BA095E30035530D /* Collectible.swift */; };
		4E8660622BA0964A0035530D /* Obstacle.swift in Sources */ = {isa = PBXBuildFile; fileRef = 4E8660612BA0964A0035530D /* Obstacle.swift */; };
		4E8660642BA096600035530D /* Tool.swift in Sources */ = {isa = PBXBuildFile; fileRef = 4E8660632BA096600035530D /* Tool.swift */; };
		4E8660662BA097D40035530D /* PhysicsConstants.swift in Sources */ = {isa = PBXBuildFile; fileRef = 4E8660652BA097D40035530D /* PhysicsConstants.swift */; };
		4EC561E32BB1E98400166DDC /* PlayerObstacleContactEvent.swift in Sources */ = {isa = PBXBuildFile; fileRef = 4EC561E22BB1E98400166DDC /* PlayerObstacleContactEvent.swift */; };
		4EC561E52BB1E9A300166DDC /* PlayerToolContactEvent.swift in Sources */ = {isa = PBXBuildFile; fileRef = 4EC561E42BB1E9A300166DDC /* PlayerToolContactEvent.swift */; };
		E638B9CF2BAB3C5D00931CC2 /* TeleportEvent.swift in Sources */ = {isa = PBXBuildFile; fileRef = E638B9CE2BAB3C5D00931CC2 /* TeleportEvent.swift */; };
		E64361102BA4C2CD003850FD /* SpriteModule.swift in Sources */ = {isa = PBXBuildFile; fileRef = E643610A2BA4C2CC003850FD /* SpriteModule.swift */; };
		E64361112BA4C2CD003850FD /* SyncModule.swift in Sources */ = {isa = PBXBuildFile; fileRef = E643610B2BA4C2CC003850FD /* SyncModule.swift */; };
		E64361122BA4C2CD003850FD /* ObjectModule.swift in Sources */ = {isa = PBXBuildFile; fileRef = E643610C2BA4C2CC003850FD /* ObjectModule.swift */; };
		E64361132BA4C2CD003850FD /* PhysicsModule.swift in Sources */ = {isa = PBXBuildFile; fileRef = E643610D2BA4C2CC003850FD /* PhysicsModule.swift */; };
		E64361142BA4C2CD003850FD /* CreationModule.swift in Sources */ = {isa = PBXBuildFile; fileRef = E643610E2BA4C2CC003850FD /* CreationModule.swift */; };
		E64361152BA4C2CD003850FD /* GameBridge.swift in Sources */ = {isa = PBXBuildFile; fileRef = E643610F2BA4C2CC003850FD /* GameBridge.swift */; };
		E64F31672BB3D14600EC5371 /* UIView.swift in Sources */ = {isa = PBXBuildFile; fileRef = E64F31662BB3D14600EC5371 /* UIView.swift */; };
		E64F316D2BB4861800EC5371 /* SpeedBoostPowerUp.swift in Sources */ = {isa = PBXBuildFile; fileRef = E64F316B2BB4861800EC5371 /* SpeedBoostPowerUp.swift */; };
		E64F316E2BB4861800EC5371 /* PowerUp.swift in Sources */ = {isa = PBXBuildFile; fileRef = E64F316C2BB4861800EC5371 /* PowerUp.swift */; };
		E64F31712BB4862700EC5371 /* SpeedBoostComponent.swift in Sources */ = {isa = PBXBuildFile; fileRef = E64F31702BB4862700EC5371 /* SpeedBoostComponent.swift */; };
		E64F31732BB4882D00EC5371 /* PowerUpEntityPersistable.swift in Sources */ = {isa = PBXBuildFile; fileRef = E64F31722BB4882D00EC5371 /* PowerUpEntityPersistable.swift */; };
		E660353D2BB5EAEE00397068 /* MiniMapView.swift in Sources */ = {isa = PBXBuildFile; fileRef = E660353C2BB5EAEE00397068 /* MiniMapView.swift */; };
		E69EE9322BAC6CBB00033AB5 /* GameInfo.swift in Sources */ = {isa = PBXBuildFile; fileRef = E69EE9312BAC6CBB00033AB5 /* GameInfo.swift */; };
		E69EE9342BAC6CC300033AB5 /* OverlayInfo.swift in Sources */ = {isa = PBXBuildFile; fileRef = E69EE9332BAC6CC300033AB5 /* OverlayInfo.swift */; };
		E69FDDE02BAD3DAD0089D5F3 /* PointsComponent.swift in Sources */ = {isa = PBXBuildFile; fileRef = E69FDDDF2BAD3DAD0089D5F3 /* PointsComponent.swift */; };
		E69FDDE22BAD3DC40089D5F3 /* EntityConstants.swift in Sources */ = {isa = PBXBuildFile; fileRef = E69FDDE12BAD3DC40089D5F3 /* EntityConstants.swift */; };
		E69FDDE42BADC2F10089D5F3 /* SpriteConstants.swift in Sources */ = {isa = PBXBuildFile; fileRef = E69FDDE32BADC2F10089D5F3 /* SpriteConstants.swift */; };
		E69FDDE62BADD11B0089D5F3 /* StopMovingEvent.swift in Sources */ = {isa = PBXBuildFile; fileRef = E69FDDE52BADD11B0089D5F3 /* StopMovingEvent.swift */; };
		E6A011172BA5F4AD006904D9 /* EntitySyncInterface.swift in Sources */ = {isa = PBXBuildFile; fileRef = E6A011162BA5F4AD006904D9 /* EntitySyncInterface.swift */; };
		E6A115372BB9E2F90076A21F /* SpriteSystem.swift in Sources */ = {isa = PBXBuildFile; fileRef = E6A115362BB9E2F90076A21F /* SpriteSystem.swift */; };
		E6A115392BB9E3010076A21F /* MovementSystem.swift in Sources */ = {isa = PBXBuildFile; fileRef = E6A115382BB9E3010076A21F /* MovementSystem.swift */; };
		E6A72FC52BB2E1E10015729E /* PlayerViewLayout.swift in Sources */ = {isa = PBXBuildFile; fileRef = E6A72FC32BB2E1E10015729E /* PlayerViewLayout.swift */; };
		E6A72FC62BB2E1E10015729E /* LayoutUtils.swift in Sources */ = {isa = PBXBuildFile; fileRef = E6A72FC42BB2E1E10015729E /* LayoutUtils.swift */; };
		E6A745162BA057040080C1BE /* MTKRenderer.swift in Sources */ = {isa = PBXBuildFile; fileRef = E6A745112BA057040080C1BE /* MTKRenderer.swift */; };
		E6A745172BA057040080C1BE /* ControlView.swift in Sources */ = {isa = PBXBuildFile; fileRef = E6A745122BA057040080C1BE /* ControlView.swift */; };
		E6A745182BA057040080C1BE /* Renderer.swift in Sources */ = {isa = PBXBuildFile; fileRef = E6A745132BA057040080C1BE /* Renderer.swift */; };
		E6A7451B2BA0C1890080C1BE /* PlayerView.swift in Sources */ = {isa = PBXBuildFile; fileRef = E6A7451A2BA0C1890080C1BE /* PlayerView.swift */; };
		E6A7451D2BA0CAD90080C1BE /* JoystickView.swift in Sources */ = {isa = PBXBuildFile; fileRef = E6A7451C2BA0CAD90080C1BE /* JoystickView.swift */; };
		E6B0AAD12BAAE3DC009CB939 /* ViewDelegate.swift in Sources */ = {isa = PBXBuildFile; fileRef = E6B0AAD02BAAE3DC009CB939 /* ViewDelegate.swift */; };
		E6B0AAD32BAAE438009CB939 /* ControlViewDelegate.swift in Sources */ = {isa = PBXBuildFile; fileRef = E6B0AAD22BAAE438009CB939 /* ControlViewDelegate.swift */; };
		E6B0AAD52BAAE4EC009CB939 /* PlayerFloorContactEvent.swift in Sources */ = {isa = PBXBuildFile; fileRef = E6B0AAD42BAAE4EC009CB939 /* PlayerFloorContactEvent.swift */; };
		E6B1CC592BB7E00600416BCD /* ToolEntityPersistable.swift in Sources */ = {isa = PBXBuildFile; fileRef = E6B1CC532BB7E00500416BCD /* ToolEntityPersistable.swift */; };
		E6B1CC5A2BB7E00600416BCD /* LevelPersistable.swift in Sources */ = {isa = PBXBuildFile; fileRef = E6B1CC542BB7E00500416BCD /* LevelPersistable.swift */; };
		E6B1CC5B2BB7E00600416BCD /* ObstacleEntityPersistable.swift in Sources */ = {isa = PBXBuildFile; fileRef = E6B1CC552BB7E00500416BCD /* ObstacleEntityPersistable.swift */; };
		E6B1CC5C2BB7E00600416BCD /* EntityPersistable.swift in Sources */ = {isa = PBXBuildFile; fileRef = E6B1CC562BB7E00500416BCD /* EntityPersistable.swift */; };
		E6B1CC5D2BB7E00600416BCD /* MonsterEntityPersistable.swift in Sources */ = {isa = PBXBuildFile; fileRef = E6B1CC572BB7E00500416BCD /* MonsterEntityPersistable.swift */; };
		E6B1CC5E2BB7E00600416BCD /* CollectibleEntityPersistable.swift in Sources */ = {isa = PBXBuildFile; fileRef = E6B1CC582BB7E00500416BCD /* CollectibleEntityPersistable.swift */; };
		E6B1CC602BB7E05500416BCD /* PowerUpPlayerEvent.swift in Sources */ = {isa = PBXBuildFile; fileRef = E6B1CC5F2BB7E05500416BCD /* PowerUpPlayerEvent.swift */; };
		E6B1DC902BA34A4800473563 /* SDPhysicsEngine in Sources */ = {isa = PBXBuildFile; fileRef = E6B1DC8D2BA32BC700473563 /* SDPhysicsEngine */; };
		E6B34A472BAA03AF0009A60B /* PlayerComponent.swift in Sources */ = {isa = PBXBuildFile; fileRef = E6B34A462BAA03AF0009A60B /* PlayerComponent.swift */; };
		E6B550A12BA15E9C00DC7396 /* OverlayView.swift in Sources */ = {isa = PBXBuildFile; fileRef = E6B550A02BA15E9C00DC7396 /* OverlayView.swift */; };
		E6D45DBA2BB6E6080004CBA2 /* PowerUpSystem.swift in Sources */ = {isa = PBXBuildFile; fileRef = E6D45DB72BB6E6080004CBA2 /* PowerUpSystem.swift */; };
		E6D45DBB2BB6E6080004CBA2 /* PowerUpFactory.swift in Sources */ = {isa = PBXBuildFile; fileRef = E6D45DB82BB6E6080004CBA2 /* PowerUpFactory.swift */; };
		E6D45DBC2BB6E6080004CBA2 /* SpeedBoostPowerUpSystem.swift in Sources */ = {isa = PBXBuildFile; fileRef = E6D45DB92BB6E6080004CBA2 /* SpeedBoostPowerUpSystem.swift */; };
		E6D45DC12BB6E6CF0004CBA2 /* BuffSystem.swift in Sources */ = {isa = PBXBuildFile; fileRef = E6D45DC02BB6E6CF0004CBA2 /* BuffSystem.swift */; };
		E6D45DC32BB6E6E30004CBA2 /* BuffComponent.swift in Sources */ = {isa = PBXBuildFile; fileRef = E6D45DC22BB6E6E30004CBA2 /* BuffComponent.swift */; };
		E6D45DC52BB6ED8F0004CBA2 /* PowerUpComponent.swift in Sources */ = {isa = PBXBuildFile; fileRef = E6D45DC42BB6ED8F0004CBA2 /* PowerUpComponent.swift */; };
		E6D45DC72BB6F8680004CBA2 /* PowerUp+Collidable.swift in Sources */ = {isa = PBXBuildFile; fileRef = E6D45DC62BB6F8680004CBA2 /* PowerUp+Collidable.swift */; };
		E6E4B8302BA6C8D4005ABAB1 /* SDPhysicsEngine in Frameworks */ = {isa = PBXBuildFile; productRef = E6E4B82F2BA6C8D4005ABAB1 /* SDPhysicsEngine */; };
/* End PBXBuildFile section */

/* Begin PBXContainerItemProxy section */
		4E630F092B9F7E090008F887 /* PBXContainerItemProxy */ = {
			isa = PBXContainerItemProxy;
			containerPortal = 4E630EEA2B9F7E070008F887 /* Project object */;
			proxyType = 1;
			remoteGlobalIDString = 4E630EF12B9F7E070008F887;
			remoteInfo = "star-dash";
		};
		4E630F132B9F7E090008F887 /* PBXContainerItemProxy */ = {
			isa = PBXContainerItemProxy;
			containerPortal = 4E630EEA2B9F7E070008F887 /* Project object */;
			proxyType = 1;
			remoteGlobalIDString = 4E630EF12B9F7E070008F887;
			remoteInfo = "star-dash";
		};
/* End PBXContainerItemProxy section */

/* Begin PBXCopyFilesBuildPhase section */
		E6B1DC862BA32B6700473563 /* Embed Frameworks */ = {
			isa = PBXCopyFilesBuildPhase;
			buildActionMask = 2147483647;
			dstPath = "";
			dstSubfolderSpec = 10;
			files = (
			);
			name = "Embed Frameworks";
			runOnlyForDeploymentPostprocessing = 0;
		};
/* End PBXCopyFilesBuildPhase section */

/* Begin PBXFileReference section */
		142D9F8E2BA15FBB005FE9E0 /* .swiftlint.yml */ = {isa = PBXFileReference; fileEncoding = 4; lastKnownFileType = text.yaml; path = .swiftlint.yml; sourceTree = "<group>"; };
		143AA38B2BA4D3E3009C28E7 /* JumpEvent.swift */ = {isa = PBXFileReference; lastKnownFileType = sourcecode.swift; path = JumpEvent.swift; sourceTree = "<group>"; };
		143AA38E2BA4D61A009C28E7 /* CGVector.swift */ = {isa = PBXFileReference; lastKnownFileType = sourcecode.swift; path = CGVector.swift; sourceTree = "<group>"; };
		143AA3902BA4D7AC009C28E7 /* MonsterDeathEvent.swift */ = {isa = PBXFileReference; lastKnownFileType = sourcecode.swift; path = MonsterDeathEvent.swift; sourceTree = "<group>"; };
		143AA3922BA4DBE7009C28E7 /* PlayerMonsterContactEvent.swift */ = {isa = PBXFileReference; lastKnownFileType = sourcecode.swift; path = PlayerMonsterContactEvent.swift; sourceTree = "<group>"; };
		143AA3942BA4DF1C009C28E7 /* MonsterAttackPlayerEvent.swift */ = {isa = PBXFileReference; lastKnownFileType = sourcecode.swift; path = MonsterAttackPlayerEvent.swift; sourceTree = "<group>"; };
		143AA3962BA4E0D9009C28E7 /* PickupCollectibleEvent.swift */ = {isa = PBXFileReference; lastKnownFileType = sourcecode.swift; path = PickupCollectibleEvent.swift; sourceTree = "<group>"; };
		145F2C7F2BA203B400457549 /* Event.swift */ = {isa = PBXFileReference; lastKnownFileType = sourcecode.swift; path = Event.swift; sourceTree = "<group>"; };
		145F2C832BA22CA300457549 /* EventModifiable.swift */ = {isa = PBXFileReference; lastKnownFileType = sourcecode.swift; path = EventModifiable.swift; sourceTree = "<group>"; };
		1471B09F2BA6A70600878B14 /* HealthSystem.swift */ = {isa = PBXFileReference; lastKnownFileType = sourcecode.swift; path = HealthSystem.swift; sourceTree = "<group>"; };
		1471B0A12BA6AA2200878B14 /* RespawnEvent.swift */ = {isa = PBXFileReference; lastKnownFileType = sourcecode.swift; path = RespawnEvent.swift; sourceTree = "<group>"; };
		1471B0A32BA6AAF200878B14 /* PlayerDeathEvent.swift */ = {isa = PBXFileReference; lastKnownFileType = sourcecode.swift; path = PlayerDeathEvent.swift; sourceTree = "<group>"; };
		1471B0A52BA6AC2D00878B14 /* PlayerAttackMonsterEvent.swift */ = {isa = PBXFileReference; lastKnownFileType = sourcecode.swift; path = PlayerAttackMonsterEvent.swift; sourceTree = "<group>"; };
		1471B0AC2BA6AE4E00878B14 /* UseGrappleHookEvent.swift */ = {isa = PBXFileReference; lastKnownFileType = sourcecode.swift; path = UseGrappleHookEvent.swift; sourceTree = "<group>"; };
		14970F4F2BA814D500CC1E8A /* ScoreComponent.swift */ = {isa = PBXFileReference; lastKnownFileType = sourcecode.swift; path = ScoreComponent.swift; sourceTree = "<group>"; };
		14970F512BA8159800CC1E8A /* ScoreComponentTests.swift */ = {isa = PBXFileReference; lastKnownFileType = sourcecode.swift; path = ScoreComponentTests.swift; sourceTree = "<group>"; };
		14970F532BA8163300CC1E8A /* ScoreSystem.swift */ = {isa = PBXFileReference; lastKnownFileType = sourcecode.swift; path = ScoreSystem.swift; sourceTree = "<group>"; };
		14970F552BA8177B00CC1E8A /* GameConstants.swift */ = {isa = PBXFileReference; lastKnownFileType = sourcecode.swift; path = GameConstants.swift; sourceTree = "<group>"; };
		14D14B722BA5A3CD00386C3B /* RemoveEvent.swift */ = {isa = PBXFileReference; lastKnownFileType = sourcecode.swift; path = RemoveEvent.swift; sourceTree = "<group>"; };
		14E2478D2BA22FCE0071FFC0 /* MoveEvent.swift */ = {isa = PBXFileReference; lastKnownFileType = sourcecode.swift; path = MoveEvent.swift; sourceTree = "<group>"; };
		14E247942BA2CB480071FFC0 /* EventManager.swift */ = {isa = PBXFileReference; lastKnownFileType = sourcecode.swift; path = EventManager.swift; sourceTree = "<group>"; };
		4604BBD42BA819C70078B84C /* InventoryComponent.swift */ = {isa = PBXFileReference; lastKnownFileType = sourcecode.swift; path = InventoryComponent.swift; sourceTree = "<group>"; };
		4604BBD82BA81C940078B84C /* InventorySystem.swift */ = {isa = PBXFileReference; lastKnownFileType = sourcecode.swift; path = InventorySystem.swift; sourceTree = "<group>"; };
		460A20082BB1B524002597B8 /* EventListener.swift */ = {isa = PBXFileReference; lastKnownFileType = sourcecode.swift; path = EventListener.swift; sourceTree = "<group>"; };
		460A200A2BB1D04F002597B8 /* AttackSystem.swift */ = {isa = PBXFileReference; lastKnownFileType = sourcecode.swift; path = AttackSystem.swift; sourceTree = "<group>"; };
		460A200C2BB1DF27002597B8 /* PlayerSystem.swift */ = {isa = PBXFileReference; lastKnownFileType = sourcecode.swift; path = PlayerSystem.swift; sourceTree = "<group>"; };
		460A200E2BB1E1F1002597B8 /* CollisionSystem.swift */ = {isa = PBXFileReference; lastKnownFileType = sourcecode.swift; path = CollisionSystem.swift; sourceTree = "<group>"; };
		460A20102BB1E6DF002597B8 /* MonsterSystem.swift */ = {isa = PBXFileReference; lastKnownFileType = sourcecode.swift; path = MonsterSystem.swift; sourceTree = "<group>"; };
		461148902BA1CDBF0073E7E1 /* SystemManager.swift */ = {isa = PBXFileReference; lastKnownFileType = sourcecode.swift; path = SystemManager.swift; sourceTree = "<group>"; };
		461148922BA1D04B0073E7E1 /* System.swift */ = {isa = PBXFileReference; lastKnownFileType = sourcecode.swift; path = System.swift; sourceTree = "<group>"; };
		461148952BA1D53D0073E7E1 /* PositionSystem.swift */ = {isa = PBXFileReference; lastKnownFileType = sourcecode.swift; path = PositionSystem.swift; sourceTree = "<group>"; };
		461148972BA1E41F0073E7E1 /* PhysicsSystem.swift */ = {isa = PBXFileReference; lastKnownFileType = sourcecode.swift; path = PhysicsSystem.swift; sourceTree = "<group>"; };
		46B8C0992BA328D900498705 /* GameEngine.swift */ = {isa = PBXFileReference; lastKnownFileType = sourcecode.swift; path = GameEngine.swift; sourceTree = "<group>"; };
		46C3B1BF2BB45C2700F10574 /* EntityFactory.swift */ = {isa = PBXFileReference; lastKnownFileType = sourcecode.swift; path = EntityFactory.swift; sourceTree = "<group>"; };
		46C3B1C12BB467BB00F10574 /* EntityManagerInterface.swift */ = {isa = PBXFileReference; lastKnownFileType = sourcecode.swift; path = EntityManagerInterface.swift; sourceTree = "<group>"; };
		46C3B1C32BB5055F00F10574 /* EntityBuilder.swift */ = {isa = PBXFileReference; lastKnownFileType = sourcecode.swift; path = EntityBuilder.swift; sourceTree = "<group>"; };
		46C3B1C62BB596DE00F10574 /* GrappleHook.swift */ = {isa = PBXFileReference; lastKnownFileType = sourcecode.swift; path = GrappleHook.swift; sourceTree = "<group>"; };
		46C3B1C82BB5974D00F10574 /* GrappleHookComponent.swift */ = {isa = PBXFileReference; lastKnownFileType = sourcecode.swift; path = GrappleHookComponent.swift; sourceTree = "<group>"; };
		46C3B1CA2BB5976200F10574 /* GrappleHookOwnerComponent.swift */ = {isa = PBXFileReference; lastKnownFileType = sourcecode.swift; path = GrappleHookOwnerComponent.swift; sourceTree = "<group>"; };
		46C3B1CD2BB59E3000F10574 /* GrappleHookSystem.swift */ = {isa = PBXFileReference; lastKnownFileType = sourcecode.swift; path = GrappleHookSystem.swift; sourceTree = "<group>"; };
		46C3B1CF2BB59F7500F10574 /* ShootGrappleHookEvent.swift */ = {isa = PBXFileReference; lastKnownFileType = sourcecode.swift; path = ShootGrappleHookEvent.swift; sourceTree = "<group>"; };
		46C3B1D12BB59F8600F10574 /* RetractGrappleHookEvent.swift */ = {isa = PBXFileReference; lastKnownFileType = sourcecode.swift; path = RetractGrappleHookEvent.swift; sourceTree = "<group>"; };
		46C3B1D32BB59F9200F10574 /* SwingGrappleHookEvent.swift */ = {isa = PBXFileReference; lastKnownFileType = sourcecode.swift; path = SwingGrappleHookEvent.swift; sourceTree = "<group>"; };
		46C3B1D52BB59F9B00F10574 /* ReleaseGrappleHookEvent.swift */ = {isa = PBXFileReference; lastKnownFileType = sourcecode.swift; path = ReleaseGrappleHookEvent.swift; sourceTree = "<group>"; };
		46C3B1D72BB654F400F10574 /* GrappleHook+Collidable.swift */ = {isa = PBXFileReference; lastKnownFileType = sourcecode.swift; path = "GrappleHook+Collidable.swift"; sourceTree = "<group>"; };
		46C3B1D92BB656F000F10574 /* GrappleHookObstacleContactEvent.swift */ = {isa = PBXFileReference; lastKnownFileType = sourcecode.swift; path = GrappleHookObstacleContactEvent.swift; sourceTree = "<group>"; };
		46D3C5C62BB702BD008CC24F /* Rope.swift */ = {isa = PBXFileReference; lastKnownFileType = sourcecode.swift; path = Rope.swift; sourceTree = "<group>"; };
		46D3C5C82BB70541008CC24F /* OwnsRopeComponent.swift */ = {isa = PBXFileReference; lastKnownFileType = sourcecode.swift; path = OwnsRopeComponent.swift; sourceTree = "<group>"; };
		46D3C5CA2BB70DDA008CC24F /* SpriteSystem.swift */ = {isa = PBXFileReference; lastKnownFileType = sourcecode.swift; path = SpriteSystem.swift; sourceTree = "<group>"; };
		46D418102BA5C88B0091A38B /* Wall.swift */ = {isa = PBXFileReference; lastKnownFileType = sourcecode.swift; path = Wall.swift; sourceTree = "<group>"; };
		46D418122BA5C9930091A38B /* Floor.swift */ = {isa = PBXFileReference; lastKnownFileType = sourcecode.swift; path = Floor.swift; sourceTree = "<group>"; };
		46D418152BA5CBD60091A38B /* Collidable.swift */ = {isa = PBXFileReference; lastKnownFileType = sourcecode.swift; path = Collidable.swift; sourceTree = "<group>"; };
		46D418172BA5CD840091A38B /* Player+Collidable.swift */ = {isa = PBXFileReference; lastKnownFileType = sourcecode.swift; path = "Player+Collidable.swift"; sourceTree = "<group>"; };
		46D418192BA5CDBD0091A38B /* CollisionHandler.swift */ = {isa = PBXFileReference; lastKnownFileType = sourcecode.swift; path = CollisionHandler.swift; sourceTree = "<group>"; };
		46D4181D2BA5D2620091A38B /* Monster+Collidable.swift */ = {isa = PBXFileReference; lastKnownFileType = sourcecode.swift; path = "Monster+Collidable.swift"; sourceTree = "<group>"; };
		46D4181F2BA5D3420091A38B /* Collectible+Collidable.swift */ = {isa = PBXFileReference; lastKnownFileType = sourcecode.swift; path = "Collectible+Collidable.swift"; sourceTree = "<group>"; };
		46D418212BA5D4E60091A38B /* Obstacle+Collidable.swift */ = {isa = PBXFileReference; lastKnownFileType = sourcecode.swift; path = "Obstacle+Collidable.swift"; sourceTree = "<group>"; };
		46D418232BA5D5280091A38B /* Tool+Collidable.swift */ = {isa = PBXFileReference; lastKnownFileType = sourcecode.swift; path = "Tool+Collidable.swift"; sourceTree = "<group>"; };
		46D418252BA5D6500091A38B /* Wall+Collidable.swift */ = {isa = PBXFileReference; lastKnownFileType = sourcecode.swift; path = "Wall+Collidable.swift"; sourceTree = "<group>"; };
		46D418272BA5D6800091A38B /* Floor+Collidable.swift */ = {isa = PBXFileReference; lastKnownFileType = sourcecode.swift; path = "Floor+Collidable.swift"; sourceTree = "<group>"; };
		4E0905FC2BB4A15600DE666B /* MiniMapView.swift */ = {isa = PBXFileReference; lastKnownFileType = sourcecode.swift; path = MiniMapView.swift; sourceTree = "<group>"; };
		4E0905FE2BB4A4EB00DE666B /* PlayerInfo.swift */ = {isa = PBXFileReference; lastKnownFileType = sourcecode.swift; path = PlayerInfo.swift; sourceTree = "<group>"; };
		4E3458DE2BA7490B00E817C6 /* EntityManagerTests.swift */ = {isa = PBXFileReference; lastKnownFileType = sourcecode.swift; path = EntityManagerTests.swift; sourceTree = "<group>"; };
		4E3458E42BA75E6800E817C6 /* PositionComponentTests.swift */ = {isa = PBXFileReference; lastKnownFileType = sourcecode.swift; path = PositionComponentTests.swift; sourceTree = "<group>"; };
		4E3458E62BA75E7100E817C6 /* HealthComponentTests.swift */ = {isa = PBXFileReference; lastKnownFileType = sourcecode.swift; path = HealthComponentTests.swift; sourceTree = "<group>"; };
		4E3458E82BA75E7C00E817C6 /* SpriteComponentTests.swift */ = {isa = PBXFileReference; lastKnownFileType = sourcecode.swift; path = SpriteComponentTests.swift; sourceTree = "<group>"; };
		4E3458EA2BA75E8B00E817C6 /* PhysicsComponentTests.swift */ = {isa = PBXFileReference; lastKnownFileType = sourcecode.swift; path = PhysicsComponentTests.swift; sourceTree = "<group>"; };
		4E3458EC2BA75F1200E817C6 /* Util.swift */ = {isa = PBXFileReference; lastKnownFileType = sourcecode.swift; path = Util.swift; sourceTree = "<group>"; };
		4E59E2502BAB2EAE007B3FA7 /* StorageManager.swift */ = {isa = PBXFileReference; lastKnownFileType = sourcecode.swift; path = StorageManager.swift; sourceTree = "<group>"; };
		4E59E2522BAB3061007B3FA7 /* Database.swift */ = {isa = PBXFileReference; lastKnownFileType = sourcecode.swift; path = Database.swift; sourceTree = "<group>"; };
		4E59E2572BAB3B5B007B3FA7 /* data.json */ = {isa = PBXFileReference; lastKnownFileType = text.json; path = data.json; sourceTree = "<group>"; };
		4E59E25A2BAB3FDB007B3FA7 /* Level.swift */ = {isa = PBXFileReference; lastKnownFileType = sourcecode.swift; path = Level.swift; sourceTree = "<group>"; };
		4E59E25E2BAB4134007B3FA7 /* EntityType.swift */ = {isa = PBXFileReference; lastKnownFileType = sourcecode.swift; path = EntityType.swift; sourceTree = "<group>"; };
		4E59E2622BACB9E2007B3FA7 /* LevelData.swift */ = {isa = PBXFileReference; lastKnownFileType = sourcecode.swift; path = LevelData.swift; sourceTree = "<group>"; };
		4E630EF22B9F7E070008F887 /* star-dash.app */ = {isa = PBXFileReference; explicitFileType = wrapper.application; includeInIndex = 0; path = "star-dash.app"; sourceTree = BUILT_PRODUCTS_DIR; };
		4E630EF52B9F7E070008F887 /* AppDelegate.swift */ = {isa = PBXFileReference; lastKnownFileType = sourcecode.swift; path = AppDelegate.swift; sourceTree = "<group>"; };
		4E630EF72B9F7E070008F887 /* SceneDelegate.swift */ = {isa = PBXFileReference; lastKnownFileType = sourcecode.swift; path = SceneDelegate.swift; sourceTree = "<group>"; };
		4E630EF92B9F7E070008F887 /* ViewController.swift */ = {isa = PBXFileReference; lastKnownFileType = sourcecode.swift; path = ViewController.swift; sourceTree = "<group>"; };
		4E630EFC2B9F7E070008F887 /* Base */ = {isa = PBXFileReference; lastKnownFileType = file.storyboard; name = Base; path = Base.lproj/Main.storyboard; sourceTree = "<group>"; };
		4E630EFE2B9F7E090008F887 /* Assets.xcassets */ = {isa = PBXFileReference; lastKnownFileType = folder.assetcatalog; path = Assets.xcassets; sourceTree = "<group>"; };
		4E630F012B9F7E090008F887 /* Base */ = {isa = PBXFileReference; lastKnownFileType = file.storyboard; name = Base; path = Base.lproj/LaunchScreen.storyboard; sourceTree = "<group>"; };
		4E630F032B9F7E090008F887 /* Info.plist */ = {isa = PBXFileReference; lastKnownFileType = text.plist.xml; path = Info.plist; sourceTree = "<group>"; };
		4E630F082B9F7E090008F887 /* star-dashTests.xctest */ = {isa = PBXFileReference; explicitFileType = wrapper.cfbundle; includeInIndex = 0; path = "star-dashTests.xctest"; sourceTree = BUILT_PRODUCTS_DIR; };
		4E630F0C2B9F7E090008F887 /* star_dashTests.swift */ = {isa = PBXFileReference; lastKnownFileType = sourcecode.swift; path = star_dashTests.swift; sourceTree = "<group>"; };
		4E630F122B9F7E090008F887 /* star-dashUITests.xctest */ = {isa = PBXFileReference; explicitFileType = wrapper.cfbundle; includeInIndex = 0; path = "star-dashUITests.xctest"; sourceTree = BUILT_PRODUCTS_DIR; };
		4E630F162B9F7E090008F887 /* star_dashUITests.swift */ = {isa = PBXFileReference; lastKnownFileType = sourcecode.swift; path = star_dashUITests.swift; sourceTree = "<group>"; };
		4E630F182B9F7E090008F887 /* star_dashUITestsLaunchTests.swift */ = {isa = PBXFileReference; lastKnownFileType = sourcecode.swift; path = star_dashUITestsLaunchTests.swift; sourceTree = "<group>"; };
		4E630F262B9F7E770008F887 /* Entity.swift */ = {isa = PBXFileReference; lastKnownFileType = sourcecode.swift; path = Entity.swift; sourceTree = "<group>"; };
		4E630F292B9F7EF60008F887 /* PositionComponent.swift */ = {isa = PBXFileReference; lastKnownFileType = sourcecode.swift; path = PositionComponent.swift; sourceTree = "<group>"; };
		4E630F2B2B9F7F460008F887 /* Component.swift */ = {isa = PBXFileReference; lastKnownFileType = sourcecode.swift; path = Component.swift; sourceTree = "<group>"; };
		4E630F2D2B9F81850008F887 /* HealthComponent.swift */ = {isa = PBXFileReference; lastKnownFileType = sourcecode.swift; path = HealthComponent.swift; sourceTree = "<group>"; };
		4E630F2F2B9F83DE0008F887 /* SpriteComponent.swift */ = {isa = PBXFileReference; lastKnownFileType = sourcecode.swift; path = SpriteComponent.swift; sourceTree = "<group>"; };
		4E630F312B9F887C0008F887 /* PhysicsComponent.swift */ = {isa = PBXFileReference; lastKnownFileType = sourcecode.swift; path = PhysicsComponent.swift; sourceTree = "<group>"; };
		4E630F332B9F8FC00008F887 /* Player.swift */ = {isa = PBXFileReference; lastKnownFileType = sourcecode.swift; path = Player.swift; sourceTree = "<group>"; };
		4E630F362B9F91DE0008F887 /* PlayerSprite.swift */ = {isa = PBXFileReference; lastKnownFileType = sourcecode.swift; path = PlayerSprite.swift; sourceTree = "<group>"; };
		4E630F382B9F943B0008F887 /* EntityManager.swift */ = {isa = PBXFileReference; lastKnownFileType = sourcecode.swift; path = EntityManager.swift; sourceTree = "<group>"; };
		4E86605B2BA095460035530D /* Monster.swift */ = {isa = PBXFileReference; lastKnownFileType = sourcecode.swift; path = Monster.swift; sourceTree = "<group>"; };
		4E86605E2BA095E30035530D /* Collectible.swift */ = {isa = PBXFileReference; lastKnownFileType = sourcecode.swift; path = Collectible.swift; sourceTree = "<group>"; };
		4E8660612BA0964A0035530D /* Obstacle.swift */ = {isa = PBXFileReference; lastKnownFileType = sourcecode.swift; path = Obstacle.swift; sourceTree = "<group>"; };
		4E8660632BA096600035530D /* Tool.swift */ = {isa = PBXFileReference; lastKnownFileType = sourcecode.swift; path = Tool.swift; sourceTree = "<group>"; };
		4E8660652BA097D40035530D /* PhysicsConstants.swift */ = {isa = PBXFileReference; lastKnownFileType = sourcecode.swift; path = PhysicsConstants.swift; sourceTree = "<group>"; };
		4EC561E22BB1E98400166DDC /* PlayerObstacleContactEvent.swift */ = {isa = PBXFileReference; lastKnownFileType = sourcecode.swift; path = PlayerObstacleContactEvent.swift; sourceTree = "<group>"; };
		4EC561E42BB1E9A300166DDC /* PlayerToolContactEvent.swift */ = {isa = PBXFileReference; lastKnownFileType = sourcecode.swift; path = PlayerToolContactEvent.swift; sourceTree = "<group>"; };
		E638B9CE2BAB3C5D00931CC2 /* TeleportEvent.swift */ = {isa = PBXFileReference; lastKnownFileType = sourcecode.swift; path = TeleportEvent.swift; sourceTree = "<group>"; };
		E643610A2BA4C2CC003850FD /* SpriteModule.swift */ = {isa = PBXFileReference; fileEncoding = 4; lastKnownFileType = sourcecode.swift; path = SpriteModule.swift; sourceTree = "<group>"; };
		E643610B2BA4C2CC003850FD /* SyncModule.swift */ = {isa = PBXFileReference; fileEncoding = 4; lastKnownFileType = sourcecode.swift; path = SyncModule.swift; sourceTree = "<group>"; };
		E643610C2BA4C2CC003850FD /* ObjectModule.swift */ = {isa = PBXFileReference; fileEncoding = 4; lastKnownFileType = sourcecode.swift; path = ObjectModule.swift; sourceTree = "<group>"; };
		E643610D2BA4C2CC003850FD /* PhysicsModule.swift */ = {isa = PBXFileReference; fileEncoding = 4; lastKnownFileType = sourcecode.swift; path = PhysicsModule.swift; sourceTree = "<group>"; };
		E643610E2BA4C2CC003850FD /* CreationModule.swift */ = {isa = PBXFileReference; fileEncoding = 4; lastKnownFileType = sourcecode.swift; path = CreationModule.swift; sourceTree = "<group>"; };
		E643610F2BA4C2CC003850FD /* GameBridge.swift */ = {isa = PBXFileReference; fileEncoding = 4; lastKnownFileType = sourcecode.swift; path = GameBridge.swift; sourceTree = "<group>"; };
		E64F31662BB3D14600EC5371 /* UIView.swift */ = {isa = PBXFileReference; lastKnownFileType = sourcecode.swift; path = UIView.swift; sourceTree = "<group>"; };
		E64F316B2BB4861800EC5371 /* SpeedBoostPowerUp.swift */ = {isa = PBXFileReference; fileEncoding = 4; lastKnownFileType = sourcecode.swift; path = SpeedBoostPowerUp.swift; sourceTree = "<group>"; };
		E64F316C2BB4861800EC5371 /* PowerUp.swift */ = {isa = PBXFileReference; fileEncoding = 4; lastKnownFileType = sourcecode.swift; path = PowerUp.swift; sourceTree = "<group>"; };
		E64F31702BB4862700EC5371 /* SpeedBoostComponent.swift */ = {isa = PBXFileReference; fileEncoding = 4; lastKnownFileType = sourcecode.swift; path = SpeedBoostComponent.swift; sourceTree = "<group>"; };
		E64F31722BB4882D00EC5371 /* PowerUpEntityPersistable.swift */ = {isa = PBXFileReference; fileEncoding = 4; lastKnownFileType = sourcecode.swift; path = PowerUpEntityPersistable.swift; sourceTree = "<group>"; };
		E660353C2BB5EAEE00397068 /* MiniMapView.swift */ = {isa = PBXFileReference; fileEncoding = 4; lastKnownFileType = sourcecode.swift; path = MiniMapView.swift; sourceTree = "<group>"; };
		E69EE9312BAC6CBB00033AB5 /* GameInfo.swift */ = {isa = PBXFileReference; fileEncoding = 4; lastKnownFileType = sourcecode.swift; path = GameInfo.swift; sourceTree = "<group>"; };
		E69EE9332BAC6CC300033AB5 /* OverlayInfo.swift */ = {isa = PBXFileReference; fileEncoding = 4; lastKnownFileType = sourcecode.swift; path = OverlayInfo.swift; sourceTree = "<group>"; };
		E69FDDDF2BAD3DAD0089D5F3 /* PointsComponent.swift */ = {isa = PBXFileReference; fileEncoding = 4; lastKnownFileType = sourcecode.swift; path = PointsComponent.swift; sourceTree = "<group>"; };
		E69FDDE12BAD3DC40089D5F3 /* EntityConstants.swift */ = {isa = PBXFileReference; fileEncoding = 4; lastKnownFileType = sourcecode.swift; path = EntityConstants.swift; sourceTree = "<group>"; };
		E69FDDE32BADC2F10089D5F3 /* SpriteConstants.swift */ = {isa = PBXFileReference; fileEncoding = 4; lastKnownFileType = sourcecode.swift; path = SpriteConstants.swift; sourceTree = "<group>"; };
		E69FDDE52BADD11B0089D5F3 /* StopMovingEvent.swift */ = {isa = PBXFileReference; fileEncoding = 4; lastKnownFileType = sourcecode.swift; path = StopMovingEvent.swift; sourceTree = "<group>"; };
		E6A011162BA5F4AD006904D9 /* EntitySyncInterface.swift */ = {isa = PBXFileReference; fileEncoding = 4; lastKnownFileType = sourcecode.swift; path = EntitySyncInterface.swift; sourceTree = "<group>"; };
		E6A115362BB9E2F90076A21F /* SpriteSystem.swift */ = {isa = PBXFileReference; fileEncoding = 4; lastKnownFileType = sourcecode.swift; name = SpriteSystem.swift; path = "star-dash/GameEngine/Systems/Basic/SpriteSystem.swift"; sourceTree = SOURCE_ROOT; };
		E6A115382BB9E3010076A21F /* MovementSystem.swift */ = {isa = PBXFileReference; fileEncoding = 4; lastKnownFileType = sourcecode.swift; path = MovementSystem.swift; sourceTree = "<group>"; };
		E6A72FC32BB2E1E10015729E /* PlayerViewLayout.swift */ = {isa = PBXFileReference; fileEncoding = 4; lastKnownFileType = sourcecode.swift; path = PlayerViewLayout.swift; sourceTree = "<group>"; };
		E6A72FC42BB2E1E10015729E /* LayoutUtils.swift */ = {isa = PBXFileReference; fileEncoding = 4; lastKnownFileType = sourcecode.swift; path = LayoutUtils.swift; sourceTree = "<group>"; };
		E6A745112BA057040080C1BE /* MTKRenderer.swift */ = {isa = PBXFileReference; fileEncoding = 4; lastKnownFileType = sourcecode.swift; path = MTKRenderer.swift; sourceTree = "<group>"; };
		E6A745122BA057040080C1BE /* ControlView.swift */ = {isa = PBXFileReference; fileEncoding = 4; lastKnownFileType = sourcecode.swift; path = ControlView.swift; sourceTree = "<group>"; };
		E6A745132BA057040080C1BE /* Renderer.swift */ = {isa = PBXFileReference; fileEncoding = 4; lastKnownFileType = sourcecode.swift; path = Renderer.swift; sourceTree = "<group>"; };
		E6A7451A2BA0C1890080C1BE /* PlayerView.swift */ = {isa = PBXFileReference; fileEncoding = 4; lastKnownFileType = sourcecode.swift; path = PlayerView.swift; sourceTree = "<group>"; };
		E6A7451C2BA0CAD90080C1BE /* JoystickView.swift */ = {isa = PBXFileReference; fileEncoding = 4; lastKnownFileType = sourcecode.swift; path = JoystickView.swift; sourceTree = "<group>"; };
		E6B0AAD02BAAE3DC009CB939 /* ViewDelegate.swift */ = {isa = PBXFileReference; lastKnownFileType = sourcecode.swift; path = ViewDelegate.swift; sourceTree = "<group>"; };
		E6B0AAD22BAAE438009CB939 /* ControlViewDelegate.swift */ = {isa = PBXFileReference; lastKnownFileType = sourcecode.swift; path = ControlViewDelegate.swift; sourceTree = "<group>"; };
		E6B0AAD42BAAE4EC009CB939 /* PlayerFloorContactEvent.swift */ = {isa = PBXFileReference; fileEncoding = 4; lastKnownFileType = sourcecode.swift; path = PlayerFloorContactEvent.swift; sourceTree = "<group>"; };
		E6B1CC532BB7E00500416BCD /* ToolEntityPersistable.swift */ = {isa = PBXFileReference; fileEncoding = 4; lastKnownFileType = sourcecode.swift; path = ToolEntityPersistable.swift; sourceTree = "<group>"; };
		E6B1CC542BB7E00500416BCD /* LevelPersistable.swift */ = {isa = PBXFileReference; fileEncoding = 4; lastKnownFileType = sourcecode.swift; path = LevelPersistable.swift; sourceTree = "<group>"; };
		E6B1CC552BB7E00500416BCD /* ObstacleEntityPersistable.swift */ = {isa = PBXFileReference; fileEncoding = 4; lastKnownFileType = sourcecode.swift; path = ObstacleEntityPersistable.swift; sourceTree = "<group>"; };
		E6B1CC562BB7E00500416BCD /* EntityPersistable.swift */ = {isa = PBXFileReference; fileEncoding = 4; lastKnownFileType = sourcecode.swift; path = EntityPersistable.swift; sourceTree = "<group>"; };
		E6B1CC572BB7E00500416BCD /* MonsterEntityPersistable.swift */ = {isa = PBXFileReference; fileEncoding = 4; lastKnownFileType = sourcecode.swift; path = MonsterEntityPersistable.swift; sourceTree = "<group>"; };
		E6B1CC582BB7E00500416BCD /* CollectibleEntityPersistable.swift */ = {isa = PBXFileReference; fileEncoding = 4; lastKnownFileType = sourcecode.swift; path = CollectibleEntityPersistable.swift; sourceTree = "<group>"; };
		E6B1CC5F2BB7E05500416BCD /* PowerUpPlayerEvent.swift */ = {isa = PBXFileReference; lastKnownFileType = sourcecode.swift; name = PowerUpPlayerEvent.swift; path = "star-dash/GameEngine/Events/PowerUpPlayerEvent.swift"; sourceTree = SOURCE_ROOT; };
		E6B1DC8D2BA32BC700473563 /* SDPhysicsEngine */ = {isa = PBXFileReference; lastKnownFileType = wrapper; name = SDPhysicsEngine; path = ../SDPhysicsEngine; sourceTree = "<group>"; };
		E6B34A462BAA03AF0009A60B /* PlayerComponent.swift */ = {isa = PBXFileReference; fileEncoding = 4; lastKnownFileType = sourcecode.swift; path = PlayerComponent.swift; sourceTree = "<group>"; };
		E6B550A02BA15E9C00DC7396 /* OverlayView.swift */ = {isa = PBXFileReference; lastKnownFileType = sourcecode.swift; path = OverlayView.swift; sourceTree = "<group>"; };
		E6D45DB72BB6E6080004CBA2 /* PowerUpSystem.swift */ = {isa = PBXFileReference; fileEncoding = 4; lastKnownFileType = sourcecode.swift; path = PowerUpSystem.swift; sourceTree = "<group>"; };
		E6D45DB82BB6E6080004CBA2 /* PowerUpFactory.swift */ = {isa = PBXFileReference; fileEncoding = 4; lastKnownFileType = sourcecode.swift; path = PowerUpFactory.swift; sourceTree = "<group>"; };
		E6D45DB92BB6E6080004CBA2 /* SpeedBoostPowerUpSystem.swift */ = {isa = PBXFileReference; fileEncoding = 4; lastKnownFileType = sourcecode.swift; path = SpeedBoostPowerUpSystem.swift; sourceTree = "<group>"; };
		E6D45DC02BB6E6CF0004CBA2 /* BuffSystem.swift */ = {isa = PBXFileReference; fileEncoding = 4; lastKnownFileType = sourcecode.swift; path = BuffSystem.swift; sourceTree = "<group>"; };
		E6D45DC22BB6E6E30004CBA2 /* BuffComponent.swift */ = {isa = PBXFileReference; fileEncoding = 4; lastKnownFileType = sourcecode.swift; path = BuffComponent.swift; sourceTree = "<group>"; };
		E6D45DC42BB6ED8F0004CBA2 /* PowerUpComponent.swift */ = {isa = PBXFileReference; lastKnownFileType = sourcecode.swift; path = PowerUpComponent.swift; sourceTree = "<group>"; };
		E6D45DC62BB6F8680004CBA2 /* PowerUp+Collidable.swift */ = {isa = PBXFileReference; fileEncoding = 4; lastKnownFileType = sourcecode.swift; path = "PowerUp+Collidable.swift"; sourceTree = "<group>"; };
/* End PBXFileReference section */

/* Begin PBXFrameworksBuildPhase section */
		4E630EEF2B9F7E070008F887 /* Frameworks */ = {
			isa = PBXFrameworksBuildPhase;
			buildActionMask = 2147483647;
			files = (
				4E59E2562BAB33EC007B3FA7 /* SQLite in Frameworks */,
				14E247932BA2CA920071FFC0 /* DequeModule in Frameworks */,
				E6E4B8302BA6C8D4005ABAB1 /* SDPhysicsEngine in Frameworks */,
			);
			runOnlyForDeploymentPostprocessing = 0;
		};
		4E630F052B9F7E090008F887 /* Frameworks */ = {
			isa = PBXFrameworksBuildPhase;
			buildActionMask = 2147483647;
			files = (
			);
			runOnlyForDeploymentPostprocessing = 0;
		};
		4E630F0F2B9F7E090008F887 /* Frameworks */ = {
			isa = PBXFrameworksBuildPhase;
			buildActionMask = 2147483647;
			files = (
			);
			runOnlyForDeploymentPostprocessing = 0;
		};
/* End PBXFrameworksBuildPhase section */

/* Begin PBXGroup section */
		143AA38D2BA4D600009C28E7 /* Extensions */ = {
			isa = PBXGroup;
			children = (
				143AA38E2BA4D61A009C28E7 /* CGVector.swift */,
				E64F31662BB3D14600EC5371 /* UIView.swift */,
			);
			path = Extensions;
			sourceTree = "<group>";
		};
		145F2C7E2BA2039700457549 /* Events */ = {
			isa = PBXGroup;
			children = (
				145F2C7F2BA203B400457549 /* Event.swift */,
				14E247942BA2CB480071FFC0 /* EventManager.swift */,
				145F2C832BA22CA300457549 /* EventModifiable.swift */,
				460A20082BB1B524002597B8 /* EventListener.swift */,
				46C3B1C52BB5969500F10574 /* GrappleHookEvents */,
				E6D45DBD2BB6E6BE0004CBA2 /* PowerUpEvents */,
				14D14B782BA5ABAC00386C3B /* MonsterEvents */,
				1471B0AB2BA6AE4400878B14 /* ToolEvents */,
				14D14B742BA5A72800386C3B /* PlayerEvents */,
				14D14B772BA5AB0700386C3B /* ContactEvents */,
				14D14B792BA5AC1900386C3B /* CommonEvents */,
			);
			path = Events;
			sourceTree = "<group>";
		};
		1471B0AB2BA6AE4400878B14 /* ToolEvents */ = {
			isa = PBXGroup;
			children = (
			);
			path = ToolEvents;
			sourceTree = "<group>";
		};
		14D14B742BA5A72800386C3B /* PlayerEvents */ = {
			isa = PBXGroup;
			children = (
				143AA3962BA4E0D9009C28E7 /* PickupCollectibleEvent.swift */,
				1471B0A12BA6AA2200878B14 /* RespawnEvent.swift */,
				1471B0A32BA6AAF200878B14 /* PlayerDeathEvent.swift */,
			);
			path = PlayerEvents;
			sourceTree = "<group>";
		};
		14D14B772BA5AB0700386C3B /* ContactEvents */ = {
			isa = PBXGroup;
			children = (
				E6B0AAD42BAAE4EC009CB939 /* PlayerFloorContactEvent.swift */,
				143AA3922BA4DBE7009C28E7 /* PlayerMonsterContactEvent.swift */,
				4EC561E22BB1E98400166DDC /* PlayerObstacleContactEvent.swift */,
				4EC561E42BB1E9A300166DDC /* PlayerToolContactEvent.swift */,
				46C3B1D92BB656F000F10574 /* GrappleHookObstacleContactEvent.swift */,
			);
			path = ContactEvents;
			sourceTree = "<group>";
		};
		14D14B782BA5ABAC00386C3B /* MonsterEvents */ = {
			isa = PBXGroup;
			children = (
				143AA3942BA4DF1C009C28E7 /* MonsterAttackPlayerEvent.swift */,
				1471B0A52BA6AC2D00878B14 /* PlayerAttackMonsterEvent.swift */,
				143AA3902BA4D7AC009C28E7 /* MonsterDeathEvent.swift */,
			);
			path = MonsterEvents;
			sourceTree = "<group>";
		};
		14D14B792BA5AC1900386C3B /* CommonEvents */ = {
			isa = PBXGroup;
			children = (
				E69FDDE52BADD11B0089D5F3 /* StopMovingEvent.swift */,
				14E2478D2BA22FCE0071FFC0 /* MoveEvent.swift */,
				143AA38B2BA4D3E3009C28E7 /* JumpEvent.swift */,
				14D14B722BA5A3CD00386C3B /* RemoveEvent.swift */,
				E638B9CE2BAB3C5D00931CC2 /* TeleportEvent.swift */,
			);
			path = CommonEvents;
			sourceTree = "<group>";
		};
		4611488F2BA1CD9E0073E7E1 /* Systems */ = {
			isa = PBXGroup;
			children = (
				E6A115332BB9D6EB0076A21F /* Basic */,
				E6A115352BB9D7200076A21F /* Complex */,
				E6D45DB62BB6E6080004CBA2 /* PowerUps */,
				461148902BA1CDBF0073E7E1 /* SystemManager.swift */,
				461148922BA1D04B0073E7E1 /* System.swift */,
			);
			path = Systems;
			sourceTree = "<group>";
		};
		46B8C0982BA328BF00498705 /* GameEngine */ = {
			isa = PBXGroup;
			children = (
				145F2C7E2BA2039700457549 /* Events */,
				46D418142BA5CB760091A38B /* Collision */,
				4611488F2BA1CD9E0073E7E1 /* Systems */,
				4E630F282B9F7EC20008F887 /* Components */,
				4E630F252B9F7E500008F887 /* Entities */,
				46B8C0992BA328D900498705 /* GameEngine.swift */,
				E69EE9312BAC6CBB00033AB5 /* GameInfo.swift */,
				4E0905FE2BB4A4EB00DE666B /* PlayerInfo.swift */,
			);
			path = GameEngine;
			sourceTree = "<group>";
		};
		46C3B1C52BB5969500F10574 /* GrappleHookEvents */ = {
			isa = PBXGroup;
			children = (
				1471B0AC2BA6AE4E00878B14 /* UseGrappleHookEvent.swift */,
				46C3B1CF2BB59F7500F10574 /* ShootGrappleHookEvent.swift */,
				46C3B1D12BB59F8600F10574 /* RetractGrappleHookEvent.swift */,
				46C3B1D32BB59F9200F10574 /* SwingGrappleHookEvent.swift */,
				46C3B1D52BB59F9B00F10574 /* ReleaseGrappleHookEvent.swift */,
			);
			path = GrappleHookEvents;
			sourceTree = "<group>";
		};
		46D418142BA5CB760091A38B /* Collision */ = {
			isa = PBXGroup;
			children = (
				E6D45DC62BB6F8680004CBA2 /* PowerUp+Collidable.swift */,
				46D418152BA5CBD60091A38B /* Collidable.swift */,
				46D418172BA5CD840091A38B /* Player+Collidable.swift */,
				46D418192BA5CDBD0091A38B /* CollisionHandler.swift */,
				46D4181D2BA5D2620091A38B /* Monster+Collidable.swift */,
				46D4181F2BA5D3420091A38B /* Collectible+Collidable.swift */,
				46D418212BA5D4E60091A38B /* Obstacle+Collidable.swift */,
				46D418232BA5D5280091A38B /* Tool+Collidable.swift */,
				46D418252BA5D6500091A38B /* Wall+Collidable.swift */,
				46D418272BA5D6800091A38B /* Floor+Collidable.swift */,
				46C3B1D72BB654F400F10574 /* GrappleHook+Collidable.swift */,
			);
			path = Collision;
			sourceTree = "<group>";
		};
		4E3458E02BA74E3700E817C6 /* GameEngine */ = {
			isa = PBXGroup;
			children = (
				4E3458E32BA75E5500E817C6 /* Components */,
				4E3458DE2BA7490B00E817C6 /* EntityManagerTests.swift */,
			);
			path = GameEngine;
			sourceTree = "<group>";
		};
		4E3458E32BA75E5500E817C6 /* Components */ = {
			isa = PBXGroup;
			children = (
				4E3458E42BA75E6800E817C6 /* PositionComponentTests.swift */,
				4E3458E62BA75E7100E817C6 /* HealthComponentTests.swift */,
				14970F512BA8159800CC1E8A /* ScoreComponentTests.swift */,
				4E3458E82BA75E7C00E817C6 /* SpriteComponentTests.swift */,
				4E3458EA2BA75E8B00E817C6 /* PhysicsComponentTests.swift */,
			);
			path = Components;
			sourceTree = "<group>";
		};
		4E59E24F2BAB2DBB007B3FA7 /* Persistence */ = {
			isa = PBXGroup;
			children = (
				E6B1CC522BB7E00500416BCD /* Persistables */,
				4E59E2642BAD9A06007B3FA7 /* Data */,
				4E59E2502BAB2EAE007B3FA7 /* StorageManager.swift */,
				4E59E2522BAB3061007B3FA7 /* Database.swift */,
			);
			path = Persistence;
			sourceTree = "<group>";
		};
		4E59E2592BAB3FC9007B3FA7 /* Model */ = {
			isa = PBXGroup;
			children = (
				4E59E25A2BAB3FDB007B3FA7 /* Level.swift */,
			);
			path = Model;
			sourceTree = "<group>";
		};
		4E59E2642BAD9A06007B3FA7 /* Data */ = {
			isa = PBXGroup;
			children = (
				4E59E2572BAB3B5B007B3FA7 /* data.json */,
				4E59E2622BACB9E2007B3FA7 /* LevelData.swift */,
			);
			path = Data;
			sourceTree = "<group>";
		};
		4E630EE92B9F7E070008F887 = {
			isa = PBXGroup;
			children = (
				E6B1DC8D2BA32BC700473563 /* SDPhysicsEngine */,
				4E630EF42B9F7E070008F887 /* star-dash */,
				4E630F0B2B9F7E090008F887 /* star-dashTests */,
				4E630F152B9F7E090008F887 /* star-dashUITests */,
				142D9F8E2BA15FBB005FE9E0 /* .swiftlint.yml */,
				4E630EF32B9F7E070008F887 /* Products */,
				E6B1DC912BA34A5E00473563 /* Frameworks */,
				E660353B2BB5EAD300397068 /* Recovered References */,
			);
			sourceTree = "<group>";
		};
		4E630EF32B9F7E070008F887 /* Products */ = {
			isa = PBXGroup;
			children = (
				4E630EF22B9F7E070008F887 /* star-dash.app */,
				4E630F082B9F7E090008F887 /* star-dashTests.xctest */,
				4E630F122B9F7E090008F887 /* star-dashUITests.xctest */,
			);
			name = Products;
			sourceTree = "<group>";
		};
		4E630EF42B9F7E070008F887 /* star-dash */ = {
			isa = PBXGroup;
			children = (
				4E59E2592BAB3FC9007B3FA7 /* Model */,
				4E59E24F2BAB2DBB007B3FA7 /* Persistence */,
				E6A011152BA5D111006904D9 /* GameBridge */,
				46B8C0982BA328BF00498705 /* GameEngine */,
				E6A745102BA057040080C1BE /* Rendering */,
				4E86605D2BA095CC0035530D /* Constants */,
				4E630F352B9F91C20008F887 /* Enums */,
				143AA38D2BA4D600009C28E7 /* Extensions */,
				4E630EF52B9F7E070008F887 /* AppDelegate.swift */,
				4E630EF72B9F7E070008F887 /* SceneDelegate.swift */,
				4E630EF92B9F7E070008F887 /* ViewController.swift */,
				4E630EFB2B9F7E070008F887 /* Main.storyboard */,
				4E630EFE2B9F7E090008F887 /* Assets.xcassets */,
				4E630F002B9F7E090008F887 /* LaunchScreen.storyboard */,
				4E630F032B9F7E090008F887 /* Info.plist */,
			);
			path = "star-dash";
			sourceTree = "<group>";
		};
		4E630F0B2B9F7E090008F887 /* star-dashTests */ = {
			isa = PBXGroup;
			children = (
				4E3458EC2BA75F1200E817C6 /* Util.swift */,
				4E3458E02BA74E3700E817C6 /* GameEngine */,
				4E630F0C2B9F7E090008F887 /* star_dashTests.swift */,
			);
			path = "star-dashTests";
			sourceTree = "<group>";
		};
		4E630F152B9F7E090008F887 /* star-dashUITests */ = {
			isa = PBXGroup;
			children = (
				4E630F162B9F7E090008F887 /* star_dashUITests.swift */,
				4E630F182B9F7E090008F887 /* star_dashUITestsLaunchTests.swift */,
			);
			path = "star-dashUITests";
			sourceTree = "<group>";
		};
		4E630F252B9F7E500008F887 /* Entities */ = {
			isa = PBXGroup;
			children = (
				4E8660602BA0961F0035530D /* GameEntities */,
				4E630F262B9F7E770008F887 /* Entity.swift */,
				4E630F382B9F943B0008F887 /* EntityManager.swift */,
				46C3B1BF2BB45C2700F10574 /* EntityFactory.swift */,
				46C3B1C12BB467BB00F10574 /* EntityManagerInterface.swift */,
				46C3B1C32BB5055F00F10574 /* EntityBuilder.swift */,
			);
			path = Entities;
			sourceTree = "<group>";
		};
		4E630F282B9F7EC20008F887 /* Components */ = {
			isa = PBXGroup;
			children = (
				E64F316F2BB4862700EC5371 /* PowerUps */,
				E6D45DC22BB6E6E30004CBA2 /* BuffComponent.swift */,
				E69FDDDF2BAD3DAD0089D5F3 /* PointsComponent.swift */,
				E6B34A462BAA03AF0009A60B /* PlayerComponent.swift */,
				4E630F292B9F7EF60008F887 /* PositionComponent.swift */,
				14970F4F2BA814D500CC1E8A /* ScoreComponent.swift */,
				4E630F2B2B9F7F460008F887 /* Component.swift */,
				4E630F2D2B9F81850008F887 /* HealthComponent.swift */,
				4E630F2F2B9F83DE0008F887 /* SpriteComponent.swift */,
				4E630F312B9F887C0008F887 /* PhysicsComponent.swift */,
				4604BBD42BA819C70078B84C /* InventoryComponent.swift */,
				46C3B1C82BB5974D00F10574 /* GrappleHookComponent.swift */,
				46C3B1CA2BB5976200F10574 /* GrappleHookOwnerComponent.swift */,
				46D3C5C82BB70541008CC24F /* OwnsRopeComponent.swift */,
				E6D45DC42BB6ED8F0004CBA2 /* PowerUpComponent.swift */,
			);
			path = Components;
			sourceTree = "<group>";
		};
		4E630F352B9F91C20008F887 /* Enums */ = {
			isa = PBXGroup;
			children = (
				4E630F362B9F91DE0008F887 /* PlayerSprite.swift */,
				4E59E25E2BAB4134007B3FA7 /* EntityType.swift */,
			);
			path = Enums;
			sourceTree = "<group>";
		};
		4E86605D2BA095CC0035530D /* Constants */ = {
			isa = PBXGroup;
			children = (
				E69FDDE32BADC2F10089D5F3 /* SpriteConstants.swift */,
				E69FDDE12BAD3DC40089D5F3 /* EntityConstants.swift */,
				4E8660652BA097D40035530D /* PhysicsConstants.swift */,
				14970F552BA8177B00CC1E8A /* GameConstants.swift */,
			);
			path = Constants;
			sourceTree = "<group>";
		};
		4E8660602BA0961F0035530D /* GameEntities */ = {
			isa = PBXGroup;
			children = (
				E64F316A2BB4861800EC5371 /* PowerUps */,
				E64F316C2BB4861800EC5371 /* PowerUp.swift */,
				4E630F332B9F8FC00008F887 /* Player.swift */,
				4E86605B2BA095460035530D /* Monster.swift */,
				4E86605E2BA095E30035530D /* Collectible.swift */,
				4E8660612BA0964A0035530D /* Obstacle.swift */,
				4E8660632BA096600035530D /* Tool.swift */,
				46D418102BA5C88B0091A38B /* Wall.swift */,
				46D418122BA5C9930091A38B /* Floor.swift */,
				46C3B1C62BB596DE00F10574 /* GrappleHook.swift */,
				46D3C5C62BB702BD008CC24F /* Rope.swift */,
			);
			path = GameEntities;
			sourceTree = "<group>";
		};
		E64361092BA4C2CC003850FD /* SyncModule */ = {
			isa = PBXGroup;
			children = (
				E643610A2BA4C2CC003850FD /* SpriteModule.swift */,
				E643610B2BA4C2CC003850FD /* SyncModule.swift */,
				E643610C2BA4C2CC003850FD /* ObjectModule.swift */,
				E643610D2BA4C2CC003850FD /* PhysicsModule.swift */,
				E643610E2BA4C2CC003850FD /* CreationModule.swift */,
			);
			path = SyncModule;
			sourceTree = "<group>";
		};
		E64F31682BB400CB00EC5371 /* PlayerView */ = {
			isa = PBXGroup;
			children = (
				E660353C2BB5EAEE00397068 /* MiniMapView.swift */,
				E6A7451A2BA0C1890080C1BE /* PlayerView.swift */,
				E6A7451C2BA0CAD90080C1BE /* JoystickView.swift */,
				E6A745122BA057040080C1BE /* ControlView.swift */,
				E6B550A02BA15E9C00DC7396 /* OverlayView.swift */,
				E6B0AAD22BAAE438009CB939 /* ControlViewDelegate.swift */,
			);
			path = PlayerView;
			sourceTree = "<group>";
		};
		E64F316A2BB4861800EC5371 /* PowerUps */ = {
			isa = PBXGroup;
			children = (
				E64F316B2BB4861800EC5371 /* SpeedBoostPowerUp.swift */,
			);
			path = PowerUps;
			sourceTree = "<group>";
		};
		E64F316F2BB4862700EC5371 /* PowerUps */ = {
			isa = PBXGroup;
			children = (
				E64F31702BB4862700EC5371 /* SpeedBoostComponent.swift */,
			);
			path = PowerUps;
			sourceTree = "<group>";
		};
		E660353B2BB5EAD300397068 /* Recovered References */ = {
			isa = PBXGroup;
			children = (
				4E0905FC2BB4A15600DE666B /* MiniMapView.swift */,
			);
			name = "Recovered References";
			sourceTree = "<group>";
		};
		E6A011152BA5D111006904D9 /* GameBridge */ = {
			isa = PBXGroup;
			children = (
				E6A011162BA5F4AD006904D9 /* EntitySyncInterface.swift */,
				E643610F2BA4C2CC003850FD /* GameBridge.swift */,
				E64361092BA4C2CC003850FD /* SyncModule */,
			);
			path = GameBridge;
			sourceTree = "<group>";
		};
		E6A115332BB9D6EB0076A21F /* Basic */ = {
			isa = PBXGroup;
			children = (
				460A200C2BB1DF27002597B8 /* PlayerSystem.swift */,
				E6D45DC02BB6E6CF0004CBA2 /* BuffSystem.swift */,
				1471B09F2BA6A70600878B14 /* HealthSystem.swift */,
				14970F532BA8163300CC1E8A /* ScoreSystem.swift */,
				461148972BA1E41F0073E7E1 /* PhysicsSystem.swift */,
				461148952BA1D53D0073E7E1 /* PositionSystem.swift */,
				460A20102BB1E6DF002597B8 /* MonsterSystem.swift */,
				4604BBD82BA81C940078B84C /* InventorySystem.swift */,
				E6A115362BB9E2F90076A21F /* SpriteSystem.swift */,
			);
			path = Basic;
			sourceTree = "<group>";
		};
		E6A115352BB9D7200076A21F /* Complex */ = {
			isa = PBXGroup;
			children = (
				E6A115382BB9E3010076A21F /* MovementSystem.swift */,
				460A200A2BB1D04F002597B8 /* AttackSystem.swift */,
				460A200E2BB1E1F1002597B8 /* CollisionSystem.swift */,
			);
			path = Complex;
			sourceTree = "<group>";
		};
		E6A72FC22BB2E1E10015729E /* Utils */ = {
			isa = PBXGroup;
			children = (
				E6A72FC32BB2E1E10015729E /* PlayerViewLayout.swift */,
				E6A72FC42BB2E1E10015729E /* LayoutUtils.swift */,
			);
			path = Utils;
			sourceTree = "<group>";
		};
		E6A745102BA057040080C1BE /* Rendering */ = {
			isa = PBXGroup;
			children = (
				E6B5509F2BA15D2000DC7396 /* MTKRenderer */,
				E6A72FC22BB2E1E10015729E /* Utils */,
				E64F31682BB400CB00EC5371 /* PlayerView */,
				E6A745132BA057040080C1BE /* Renderer.swift */,
				E6A745112BA057040080C1BE /* MTKRenderer.swift */,
				E6B0AAD02BAAE3DC009CB939 /* ViewDelegate.swift */,
				E69EE9332BAC6CC300033AB5 /* OverlayInfo.swift */,
			);
			path = Rendering;
			sourceTree = "<group>";
		};
		E6B1CC522BB7E00500416BCD /* Persistables */ = {
			isa = PBXGroup;
			children = (
				E6B1CC532BB7E00500416BCD /* ToolEntityPersistable.swift */,
				E6B1CC542BB7E00500416BCD /* LevelPersistable.swift */,
				E6B1CC552BB7E00500416BCD /* ObstacleEntityPersistable.swift */,
				E6B1CC562BB7E00500416BCD /* EntityPersistable.swift */,
				E6B1CC572BB7E00500416BCD /* MonsterEntityPersistable.swift */,
				E6B1CC582BB7E00500416BCD /* CollectibleEntityPersistable.swift */,
				E64F31722BB4882D00EC5371 /* PowerUpEntityPersistable.swift */,
			);
			path = Persistables;
			sourceTree = "<group>";
		};
		E6B1DC912BA34A5E00473563 /* Frameworks */ = {
			isa = PBXGroup;
			children = (
			);
			name = Frameworks;
			sourceTree = "<group>";
		};
		E6B5509F2BA15D2000DC7396 /* MTKRenderer */ = {
			isa = PBXGroup;
			children = (
			);
			path = MTKRenderer;
			sourceTree = "<group>";
		};
		E6D45DB62BB6E6080004CBA2 /* PowerUps */ = {
			isa = PBXGroup;
			children = (
				E6D45DB72BB6E6080004CBA2 /* PowerUpSystem.swift */,
				E6D45DB82BB6E6080004CBA2 /* PowerUpFactory.swift */,
				E6D45DB92BB6E6080004CBA2 /* SpeedBoostPowerUpSystem.swift */,
			);
			path = PowerUps;
			sourceTree = "<group>";
		};
		E6D45DBD2BB6E6BE0004CBA2 /* PowerUpEvents */ = {
			isa = PBXGroup;
			children = (
				E6B1CC5F2BB7E05500416BCD /* PowerUpPlayerEvent.swift */,
			);
			path = PowerUpEvents;
			sourceTree = "<group>";
		};
/* End PBXGroup section */

/* Begin PBXNativeTarget section */
		4E630EF12B9F7E070008F887 /* star-dash */ = {
			isa = PBXNativeTarget;
			buildConfigurationList = 4E630F1C2B9F7E090008F887 /* Build configuration list for PBXNativeTarget "star-dash" */;
			buildPhases = (
				4E630EEE2B9F7E070008F887 /* Sources */,
				4E630EEF2B9F7E070008F887 /* Frameworks */,
				4E630EF02B9F7E070008F887 /* Resources */,
				142D9F8D2BA15F91005FE9E0 /* SwiftLint */,
				E6B1DC862BA32B6700473563 /* Embed Frameworks */,
			);
			buildRules = (
			);
			dependencies = (
				E6B1DC8F2BA3459600473563 /* PBXTargetDependency */,
			);
			name = "star-dash";
			packageProductDependencies = (
				14E247922BA2CA920071FFC0 /* DequeModule */,
				E6E4B82F2BA6C8D4005ABAB1 /* SDPhysicsEngine */,
				4E59E2552BAB33EC007B3FA7 /* SQLite */,
			);
			productName = "star-dash";
			productReference = 4E630EF22B9F7E070008F887 /* star-dash.app */;
			productType = "com.apple.product-type.application";
		};
		4E630F072B9F7E090008F887 /* star-dashTests */ = {
			isa = PBXNativeTarget;
			buildConfigurationList = 4E630F1F2B9F7E090008F887 /* Build configuration list for PBXNativeTarget "star-dashTests" */;
			buildPhases = (
				4E630F042B9F7E090008F887 /* Sources */,
				4E630F052B9F7E090008F887 /* Frameworks */,
				4E630F062B9F7E090008F887 /* Resources */,
			);
			buildRules = (
			);
			dependencies = (
				4E630F0A2B9F7E090008F887 /* PBXTargetDependency */,
			);
			name = "star-dashTests";
			productName = "star-dashTests";
			productReference = 4E630F082B9F7E090008F887 /* star-dashTests.xctest */;
			productType = "com.apple.product-type.bundle.unit-test";
		};
		4E630F112B9F7E090008F887 /* star-dashUITests */ = {
			isa = PBXNativeTarget;
			buildConfigurationList = 4E630F222B9F7E090008F887 /* Build configuration list for PBXNativeTarget "star-dashUITests" */;
			buildPhases = (
				4E630F0E2B9F7E090008F887 /* Sources */,
				4E630F0F2B9F7E090008F887 /* Frameworks */,
				4E630F102B9F7E090008F887 /* Resources */,
			);
			buildRules = (
			);
			dependencies = (
				4E630F142B9F7E090008F887 /* PBXTargetDependency */,
			);
			name = "star-dashUITests";
			productName = "star-dashUITests";
			productReference = 4E630F122B9F7E090008F887 /* star-dashUITests.xctest */;
			productType = "com.apple.product-type.bundle.ui-testing";
		};
/* End PBXNativeTarget section */

/* Begin PBXProject section */
		4E630EEA2B9F7E070008F887 /* Project object */ = {
			isa = PBXProject;
			attributes = {
				BuildIndependentTargetsInParallel = 1;
				LastSwiftUpdateCheck = 1520;
				LastUpgradeCheck = 1520;
				TargetAttributes = {
					4E630EF12B9F7E070008F887 = {
						CreatedOnToolsVersion = 15.2;
					};
					4E630F072B9F7E090008F887 = {
						CreatedOnToolsVersion = 15.2;
						TestTargetID = 4E630EF12B9F7E070008F887;
					};
					4E630F112B9F7E090008F887 = {
						CreatedOnToolsVersion = 15.2;
						TestTargetID = 4E630EF12B9F7E070008F887;
					};
				};
			};
			buildConfigurationList = 4E630EED2B9F7E070008F887 /* Build configuration list for PBXProject "star-dash" */;
			compatibilityVersion = "Xcode 14.0";
			developmentRegion = en;
			hasScannedForEncodings = 0;
			knownRegions = (
				en,
				Base,
			);
			mainGroup = 4E630EE92B9F7E070008F887;
			packageReferences = (
				14E247912BA2CA920071FFC0 /* XCRemoteSwiftPackageReference "swift-collections" */,
				4E59E2542BAB33EC007B3FA7 /* XCRemoteSwiftPackageReference "SQLite.swift" */,
			);
			productRefGroup = 4E630EF32B9F7E070008F887 /* Products */;
			projectDirPath = "";
			projectRoot = "";
			targets = (
				4E630EF12B9F7E070008F887 /* star-dash */,
				4E630F072B9F7E090008F887 /* star-dashTests */,
				4E630F112B9F7E090008F887 /* star-dashUITests */,
			);
		};
/* End PBXProject section */

/* Begin PBXResourcesBuildPhase section */
		4E630EF02B9F7E070008F887 /* Resources */ = {
			isa = PBXResourcesBuildPhase;
			buildActionMask = 2147483647;
			files = (
				142D9F8F2BA15FBB005FE9E0 /* .swiftlint.yml in Resources */,
				4E630F022B9F7E090008F887 /* LaunchScreen.storyboard in Resources */,
				4E630EFF2B9F7E090008F887 /* Assets.xcassets in Resources */,
				4E630EFD2B9F7E070008F887 /* Main.storyboard in Resources */,
				4E59E2582BAB3B5B007B3FA7 /* data.json in Resources */,
			);
			runOnlyForDeploymentPostprocessing = 0;
		};
		4E630F062B9F7E090008F887 /* Resources */ = {
			isa = PBXResourcesBuildPhase;
			buildActionMask = 2147483647;
			files = (
			);
			runOnlyForDeploymentPostprocessing = 0;
		};
		4E630F102B9F7E090008F887 /* Resources */ = {
			isa = PBXResourcesBuildPhase;
			buildActionMask = 2147483647;
			files = (
			);
			runOnlyForDeploymentPostprocessing = 0;
		};
/* End PBXResourcesBuildPhase section */

/* Begin PBXShellScriptBuildPhase section */
		142D9F8D2BA15F91005FE9E0 /* SwiftLint */ = {
			isa = PBXShellScriptBuildPhase;
			buildActionMask = 2147483647;
			files = (
			);
			inputFileListPaths = (
			);
			inputPaths = (
			);
			name = SwiftLint;
			outputFileListPaths = (
			);
			outputPaths = (
			);
			runOnlyForDeploymentPostprocessing = 0;
			shellPath = /bin/sh;
			shellScript = "if [[ \"$(uname -m)\" == arm64 ]]; then\n    export PATH=\"/opt/homebrew/bin:$PATH\"\nfi\n\nif which swiftlint > /dev/null; then\n  swiftlint\nelse\n  echo \"warning: SwiftLint not installed, download from https://github.com/realm/SwiftLint\"\nfi\n";
		};
/* End PBXShellScriptBuildPhase section */

/* Begin PBXSourcesBuildPhase section */
		4E630EEE2B9F7E070008F887 /* Sources */ = {
			isa = PBXSourcesBuildPhase;
			buildActionMask = 2147483647;
			files = (
				46C3B1D02BB59F7500F10574 /* ShootGrappleHookEvent.swift in Sources */,
				46D418182BA5CD840091A38B /* Player+Collidable.swift in Sources */,
				4E59E25B2BAB3FDB007B3FA7 /* Level.swift in Sources */,
				46D4181E2BA5D2620091A38B /* Monster+Collidable.swift in Sources */,
				E69EE9342BAC6CC300033AB5 /* OverlayInfo.swift in Sources */,
				E6B1DC902BA34A4800473563 /* SDPhysicsEngine in Sources */,
				46C3B1DA2BB656F000F10574 /* GrappleHookObstacleContactEvent.swift in Sources */,
				4E630F272B9F7E770008F887 /* Entity.swift in Sources */,
				E6D45DC12BB6E6CF0004CBA2 /* BuffSystem.swift in Sources */,
				E64F31712BB4862700EC5371 /* SpeedBoostComponent.swift in Sources */,
				4E630F2C2B9F7F460008F887 /* Component.swift in Sources */,
				4EC561E52BB1E9A300166DDC /* PlayerToolContactEvent.swift in Sources */,
				143AA38F2BA4D61A009C28E7 /* CGVector.swift in Sources */,
				46C3B1CB2BB5976200F10574 /* GrappleHookOwnerComponent.swift in Sources */,
				14E2478E2BA22FCE0071FFC0 /* MoveEvent.swift in Sources */,
				14D14B732BA5A3CD00386C3B /* RemoveEvent.swift in Sources */,
				4E8660622BA0964A0035530D /* Obstacle.swift in Sources */,
				46C3B1D62BB59F9B00F10574 /* ReleaseGrappleHookEvent.swift in Sources */,
				1471B0A02BA6A70600878B14 /* HealthSystem.swift in Sources */,
				461148932BA1D04B0073E7E1 /* System.swift in Sources */,
				E6B0AAD12BAAE3DC009CB939 /* ViewDelegate.swift in Sources */,
				46C3B1D82BB654F400F10574 /* GrappleHook+Collidable.swift in Sources */,
				1471B0A62BA6AC2D00878B14 /* PlayerAttackMonsterEvent.swift in Sources */,
				4E8660642BA096600035530D /* Tool.swift in Sources */,
				4E630F392B9F943B0008F887 /* EntityManager.swift in Sources */,
				46C3B1C02BB45C2700F10574 /* EntityFactory.swift in Sources */,
				4E630F302B9F83DE0008F887 /* SpriteComponent.swift in Sources */,
				46D4181A2BA5CDBD0091A38B /* CollisionHandler.swift in Sources */,
				4E86605F2BA095E30035530D /* Collectible.swift in Sources */,
				E64361122BA4C2CD003850FD /* ObjectModule.swift in Sources */,
				4E0905FF2BB4A4EB00DE666B /* PlayerInfo.swift in Sources */,
				4E59E2532BAB3061007B3FA7 /* Database.swift in Sources */,
				E6A72FC52BB2E1E10015729E /* PlayerViewLayout.swift in Sources */,
				4E8660662BA097D40035530D /* PhysicsConstants.swift in Sources */,
				143AA3952BA4DF1C009C28E7 /* MonsterAttackPlayerEvent.swift in Sources */,
				143AA3932BA4DBE7009C28E7 /* PlayerMonsterContactEvent.swift in Sources */,
				E6A115392BB9E3010076A21F /* MovementSystem.swift in Sources */,
				46D418162BA5CBD60091A38B /* Collidable.swift in Sources */,
				461148912BA1CDBF0073E7E1 /* SystemManager.swift in Sources */,
				460A20112BB1E6DF002597B8 /* MonsterSystem.swift in Sources */,
				4E59E2512BAB2EAE007B3FA7 /* StorageManager.swift in Sources */,
				145F2C842BA22CA300457549 /* EventModifiable.swift in Sources */,
				4E630EFA2B9F7E070008F887 /* ViewController.swift in Sources */,
				E6A011172BA5F4AD006904D9 /* EntitySyncInterface.swift in Sources */,
				E6B0AAD52BAAE4EC009CB939 /* PlayerFloorContactEvent.swift in Sources */,
				E64361132BA4C2CD003850FD /* PhysicsModule.swift in Sources */,
				46C3B1D42BB59F9200F10574 /* SwingGrappleHookEvent.swift in Sources */,
				E6B1CC5C2BB7E00600416BCD /* EntityPersistable.swift in Sources */,
				4E630F322B9F887C0008F887 /* PhysicsComponent.swift in Sources */,
				E64F316D2BB4861800EC5371 /* SpeedBoostPowerUp.swift in Sources */,
				E6D45DC32BB6E6E30004CBA2 /* BuffComponent.swift in Sources */,
				1471B0AD2BA6AE4E00878B14 /* UseGrappleHookEvent.swift in Sources */,
				E6D45DC72BB6F8680004CBA2 /* PowerUp+Collidable.swift in Sources */,
				4E630EF62B9F7E070008F887 /* AppDelegate.swift in Sources */,
				461148962BA1D53D0073E7E1 /* PositionSystem.swift in Sources */,
				143AA38C2BA4D3E3009C28E7 /* JumpEvent.swift in Sources */,
				46C3B1D22BB59F8600F10574 /* RetractGrappleHookEvent.swift in Sources */,
				4E630F2A2B9F7EF60008F887 /* PositionComponent.swift in Sources */,
				E6D45DC52BB6ED8F0004CBA2 /* PowerUpComponent.swift in Sources */,
				46D418132BA5C9930091A38B /* Floor.swift in Sources */,
				E64361152BA4C2CD003850FD /* GameBridge.swift in Sources */,
				E6B1CC5A2BB7E00600416BCD /* LevelPersistable.swift in Sources */,
				E6B0AAD32BAAE438009CB939 /* ControlViewDelegate.swift in Sources */,
				4604BBD92BA81C940078B84C /* InventorySystem.swift in Sources */,
				E6D45DBB2BB6E6080004CBA2 /* PowerUpFactory.swift in Sources */,
				14E247952BA2CB480071FFC0 /* EventManager.swift in Sources */,
				4EC561E32BB1E98400166DDC /* PlayerObstacleContactEvent.swift in Sources */,
				E660353D2BB5EAEE00397068 /* MiniMapView.swift in Sources */,
				4E630EF82B9F7E070008F887 /* SceneDelegate.swift in Sources */,
				46C3B1C22BB467BB00F10574 /* EntityManagerInterface.swift in Sources */,
				E69FDDE02BAD3DAD0089D5F3 /* PointsComponent.swift in Sources */,
				14970F542BA8163300CC1E8A /* ScoreSystem.swift in Sources */,
				E64361112BA4C2CD003850FD /* SyncModule.swift in Sources */,
				E6A7451B2BA0C1890080C1BE /* PlayerView.swift in Sources */,
				46D418282BA5D6800091A38B /* Floor+Collidable.swift in Sources */,
				E69EE9322BAC6CBB00033AB5 /* GameInfo.swift in Sources */,
				46D418222BA5D4E60091A38B /* Obstacle+Collidable.swift in Sources */,
				E638B9CF2BAB3C5D00931CC2 /* TeleportEvent.swift in Sources */,
				143AA3972BA4E0D9009C28E7 /* PickupCollectibleEvent.swift in Sources */,
				46C3B1C72BB596DE00F10574 /* GrappleHook.swift in Sources */,
				E64F31732BB4882D00EC5371 /* PowerUpEntityPersistable.swift in Sources */,
				46D418242BA5D5280091A38B /* Tool+Collidable.swift in Sources */,
				46C3B1CE2BB59E3000F10574 /* GrappleHookSystem.swift in Sources */,
				46D3C5C92BB70541008CC24F /* OwnsRopeComponent.swift in Sources */,
				E64361142BA4C2CD003850FD /* CreationModule.swift in Sources */,
				46C3B1C42BB5055F00F10574 /* EntityBuilder.swift in Sources */,
				460A200B2BB1D04F002597B8 /* AttackSystem.swift in Sources */,
				E6A72FC62BB2E1E10015729E /* LayoutUtils.swift in Sources */,
				E6A745162BA057040080C1BE /* MTKRenderer.swift in Sources */,
				E6A745182BA057040080C1BE /* Renderer.swift in Sources */,
				E6A115372BB9E2F90076A21F /* SpriteSystem.swift in Sources */,
				4E59E25F2BAB4134007B3FA7 /* EntityType.swift in Sources */,
				460A200D2BB1DF27002597B8 /* PlayerSystem.swift in Sources */,
				E6A745172BA057040080C1BE /* ControlView.swift in Sources */,
				460A20092BB1B524002597B8 /* EventListener.swift in Sources */,
				14970F562BA8177B00CC1E8A /* GameConstants.swift in Sources */,
				1471B0A42BA6AAF200878B14 /* PlayerDeathEvent.swift in Sources */,
				E69FDDE62BADD11B0089D5F3 /* StopMovingEvent.swift in Sources */,
				46D418202BA5D3420091A38B /* Collectible+Collidable.swift in Sources */,
				E6A7451D2BA0CAD90080C1BE /* JoystickView.swift in Sources */,
				E6B550A12BA15E9C00DC7396 /* OverlayView.swift in Sources */,
				46C3B1C92BB5974D00F10574 /* GrappleHookComponent.swift in Sources */,
				E6B1CC5E2BB7E00600416BCD /* CollectibleEntityPersistable.swift in Sources */,
				E64F316E2BB4861800EC5371 /* PowerUp.swift in Sources */,
				46D418262BA5D6500091A38B /* Wall+Collidable.swift in Sources */,
				46D3C5CB2BB70DDA008CC24F /* SpriteSystem.swift in Sources */,
				E69FDDE22BAD3DC40089D5F3 /* EntityConstants.swift in Sources */,
				E6B1CC5B2BB7E00600416BCD /* ObstacleEntityPersistable.swift in Sources */,
				4E630F342B9F8FC00008F887 /* Player.swift in Sources */,
				4E630F372B9F91DE0008F887 /* PlayerSprite.swift in Sources */,
				14970F502BA814D500CC1E8A /* ScoreComponent.swift in Sources */,
				E69FDDE42BADC2F10089D5F3 /* SpriteConstants.swift in Sources */,
				E6B1CC5D2BB7E00600416BCD /* MonsterEntityPersistable.swift in Sources */,
				E6B1CC602BB7E05500416BCD /* PowerUpPlayerEvent.swift in Sources */,
				E6B1CC592BB7E00600416BCD /* ToolEntityPersistable.swift in Sources */,
				E64F31672BB3D14600EC5371 /* UIView.swift in Sources */,
				143AA3912BA4D7AC009C28E7 /* MonsterDeathEvent.swift in Sources */,
				E64361102BA4C2CD003850FD /* SpriteModule.swift in Sources */,
				4604BBD52BA819C70078B84C /* InventoryComponent.swift in Sources */,
				46B8C09A2BA328D900498705 /* GameEngine.swift in Sources */,
				E6B34A472BAA03AF0009A60B /* PlayerComponent.swift in Sources */,
				46D3C5C72BB702BD008CC24F /* Rope.swift in Sources */,
				E6D45DBA2BB6E6080004CBA2 /* PowerUpSystem.swift in Sources */,
				461148982BA1E41F0073E7E1 /* PhysicsSystem.swift in Sources */,
				4E630F2E2B9F81850008F887 /* HealthComponent.swift in Sources */,
				4E86605C2BA095460035530D /* Monster.swift in Sources */,
				4E59E2632BACB9E2007B3FA7 /* LevelData.swift in Sources */,
				145F2C802BA203B400457549 /* Event.swift in Sources */,
				460A200F2BB1E1F1002597B8 /* CollisionSystem.swift in Sources */,
				1471B0A22BA6AA2200878B14 /* RespawnEvent.swift in Sources */,
				46D418112BA5C88B0091A38B /* Wall.swift in Sources */,
				E6D45DBC2BB6E6080004CBA2 /* SpeedBoostPowerUpSystem.swift in Sources */,
			);
			runOnlyForDeploymentPostprocessing = 0;
		};
		4E630F042B9F7E090008F887 /* Sources */ = {
			isa = PBXSourcesBuildPhase;
			buildActionMask = 2147483647;
			files = (
				4E3458E52BA75E6800E817C6 /* PositionComponentTests.swift in Sources */,
				4E3458E92BA75E7C00E817C6 /* SpriteComponentTests.swift in Sources */,
				4E3458E72BA75E7100E817C6 /* HealthComponentTests.swift in Sources */,
				4E3458DF2BA7490B00E817C6 /* EntityManagerTests.swift in Sources */,
				4E3458ED2BA75F1200E817C6 /* Util.swift in Sources */,
				4E630F0D2B9F7E090008F887 /* star_dashTests.swift in Sources */,
				14970F522BA8159800CC1E8A /* ScoreComponentTests.swift in Sources */,
				4E3458EB2BA75E8B00E817C6 /* PhysicsComponentTests.swift in Sources */,
			);
			runOnlyForDeploymentPostprocessing = 0;
		};
		4E630F0E2B9F7E090008F887 /* Sources */ = {
			isa = PBXSourcesBuildPhase;
			buildActionMask = 2147483647;
			files = (
				4E630F192B9F7E090008F887 /* star_dashUITestsLaunchTests.swift in Sources */,
				4E630F172B9F7E090008F887 /* star_dashUITests.swift in Sources */,
			);
			runOnlyForDeploymentPostprocessing = 0;
		};
/* End PBXSourcesBuildPhase section */

/* Begin PBXTargetDependency section */
		4E630F0A2B9F7E090008F887 /* PBXTargetDependency */ = {
			isa = PBXTargetDependency;
			target = 4E630EF12B9F7E070008F887 /* star-dash */;
			targetProxy = 4E630F092B9F7E090008F887 /* PBXContainerItemProxy */;
		};
		4E630F142B9F7E090008F887 /* PBXTargetDependency */ = {
			isa = PBXTargetDependency;
			target = 4E630EF12B9F7E070008F887 /* star-dash */;
			targetProxy = 4E630F132B9F7E090008F887 /* PBXContainerItemProxy */;
		};
		E6B1DC8F2BA3459600473563 /* PBXTargetDependency */ = {
			isa = PBXTargetDependency;
			productRef = E6B1DC8E2BA3459600473563 /* SDPhysicsEngine */;
		};
/* End PBXTargetDependency section */

/* Begin PBXVariantGroup section */
		4E630EFB2B9F7E070008F887 /* Main.storyboard */ = {
			isa = PBXVariantGroup;
			children = (
				4E630EFC2B9F7E070008F887 /* Base */,
			);
			name = Main.storyboard;
			sourceTree = "<group>";
		};
		4E630F002B9F7E090008F887 /* LaunchScreen.storyboard */ = {
			isa = PBXVariantGroup;
			children = (
				4E630F012B9F7E090008F887 /* Base */,
			);
			name = LaunchScreen.storyboard;
			sourceTree = "<group>";
		};
/* End PBXVariantGroup section */

/* Begin XCBuildConfiguration section */
		4E630F1A2B9F7E090008F887 /* Debug */ = {
			isa = XCBuildConfiguration;
			buildSettings = {
				ALWAYS_SEARCH_USER_PATHS = NO;
				ASSETCATALOG_COMPILER_GENERATE_SWIFT_ASSET_SYMBOL_EXTENSIONS = YES;
				CLANG_ANALYZER_NONNULL = YES;
				CLANG_ANALYZER_NUMBER_OBJECT_CONVERSION = YES_AGGRESSIVE;
				CLANG_CXX_LANGUAGE_STANDARD = "gnu++20";
				CLANG_ENABLE_MODULES = YES;
				CLANG_ENABLE_OBJC_ARC = YES;
				CLANG_ENABLE_OBJC_WEAK = YES;
				CLANG_WARN_BLOCK_CAPTURE_AUTORELEASING = YES;
				CLANG_WARN_BOOL_CONVERSION = YES;
				CLANG_WARN_COMMA = YES;
				CLANG_WARN_CONSTANT_CONVERSION = YES;
				CLANG_WARN_DEPRECATED_OBJC_IMPLEMENTATIONS = YES;
				CLANG_WARN_DIRECT_OBJC_ISA_USAGE = YES_ERROR;
				CLANG_WARN_DOCUMENTATION_COMMENTS = YES;
				CLANG_WARN_EMPTY_BODY = YES;
				CLANG_WARN_ENUM_CONVERSION = YES;
				CLANG_WARN_INFINITE_RECURSION = YES;
				CLANG_WARN_INT_CONVERSION = YES;
				CLANG_WARN_NON_LITERAL_NULL_CONVERSION = YES;
				CLANG_WARN_OBJC_IMPLICIT_RETAIN_SELF = YES;
				CLANG_WARN_OBJC_LITERAL_CONVERSION = YES;
				CLANG_WARN_OBJC_ROOT_CLASS = YES_ERROR;
				CLANG_WARN_QUOTED_INCLUDE_IN_FRAMEWORK_HEADER = YES;
				CLANG_WARN_RANGE_LOOP_ANALYSIS = YES;
				CLANG_WARN_STRICT_PROTOTYPES = YES;
				CLANG_WARN_SUSPICIOUS_MOVE = YES;
				CLANG_WARN_UNGUARDED_AVAILABILITY = YES_AGGRESSIVE;
				CLANG_WARN_UNREACHABLE_CODE = YES;
				CLANG_WARN__DUPLICATE_METHOD_MATCH = YES;
				COPY_PHASE_STRIP = NO;
				DEBUG_INFORMATION_FORMAT = dwarf;
				ENABLE_STRICT_OBJC_MSGSEND = YES;
				ENABLE_TESTABILITY = YES;
				ENABLE_USER_SCRIPT_SANDBOXING = YES;
				GCC_C_LANGUAGE_STANDARD = gnu17;
				GCC_DYNAMIC_NO_PIC = NO;
				GCC_NO_COMMON_BLOCKS = YES;
				GCC_OPTIMIZATION_LEVEL = 0;
				GCC_PREPROCESSOR_DEFINITIONS = (
					"DEBUG=1",
					"$(inherited)",
				);
				GCC_WARN_64_TO_32_BIT_CONVERSION = YES;
				GCC_WARN_ABOUT_RETURN_TYPE = YES_ERROR;
				GCC_WARN_UNDECLARED_SELECTOR = YES;
				GCC_WARN_UNINITIALIZED_AUTOS = YES_AGGRESSIVE;
				GCC_WARN_UNUSED_FUNCTION = YES;
				GCC_WARN_UNUSED_VARIABLE = YES;
				IPHONEOS_DEPLOYMENT_TARGET = 17.2;
				LOCALIZATION_PREFERS_STRING_CATALOGS = YES;
				MTL_ENABLE_DEBUG_INFO = INCLUDE_SOURCE;
				MTL_FAST_MATH = YES;
				ONLY_ACTIVE_ARCH = YES;
				SDKROOT = iphoneos;
				SWIFT_ACTIVE_COMPILATION_CONDITIONS = "DEBUG $(inherited)";
				SWIFT_OPTIMIZATION_LEVEL = "-Onone";
			};
			name = Debug;
		};
		4E630F1B2B9F7E090008F887 /* Release */ = {
			isa = XCBuildConfiguration;
			buildSettings = {
				ALWAYS_SEARCH_USER_PATHS = NO;
				ASSETCATALOG_COMPILER_GENERATE_SWIFT_ASSET_SYMBOL_EXTENSIONS = YES;
				CLANG_ANALYZER_NONNULL = YES;
				CLANG_ANALYZER_NUMBER_OBJECT_CONVERSION = YES_AGGRESSIVE;
				CLANG_CXX_LANGUAGE_STANDARD = "gnu++20";
				CLANG_ENABLE_MODULES = YES;
				CLANG_ENABLE_OBJC_ARC = YES;
				CLANG_ENABLE_OBJC_WEAK = YES;
				CLANG_WARN_BLOCK_CAPTURE_AUTORELEASING = YES;
				CLANG_WARN_BOOL_CONVERSION = YES;
				CLANG_WARN_COMMA = YES;
				CLANG_WARN_CONSTANT_CONVERSION = YES;
				CLANG_WARN_DEPRECATED_OBJC_IMPLEMENTATIONS = YES;
				CLANG_WARN_DIRECT_OBJC_ISA_USAGE = YES_ERROR;
				CLANG_WARN_DOCUMENTATION_COMMENTS = YES;
				CLANG_WARN_EMPTY_BODY = YES;
				CLANG_WARN_ENUM_CONVERSION = YES;
				CLANG_WARN_INFINITE_RECURSION = YES;
				CLANG_WARN_INT_CONVERSION = YES;
				CLANG_WARN_NON_LITERAL_NULL_CONVERSION = YES;
				CLANG_WARN_OBJC_IMPLICIT_RETAIN_SELF = YES;
				CLANG_WARN_OBJC_LITERAL_CONVERSION = YES;
				CLANG_WARN_OBJC_ROOT_CLASS = YES_ERROR;
				CLANG_WARN_QUOTED_INCLUDE_IN_FRAMEWORK_HEADER = YES;
				CLANG_WARN_RANGE_LOOP_ANALYSIS = YES;
				CLANG_WARN_STRICT_PROTOTYPES = YES;
				CLANG_WARN_SUSPICIOUS_MOVE = YES;
				CLANG_WARN_UNGUARDED_AVAILABILITY = YES_AGGRESSIVE;
				CLANG_WARN_UNREACHABLE_CODE = YES;
				CLANG_WARN__DUPLICATE_METHOD_MATCH = YES;
				COPY_PHASE_STRIP = NO;
				DEBUG_INFORMATION_FORMAT = "dwarf-with-dsym";
				ENABLE_NS_ASSERTIONS = NO;
				ENABLE_STRICT_OBJC_MSGSEND = YES;
				ENABLE_USER_SCRIPT_SANDBOXING = YES;
				GCC_C_LANGUAGE_STANDARD = gnu17;
				GCC_NO_COMMON_BLOCKS = YES;
				GCC_WARN_64_TO_32_BIT_CONVERSION = YES;
				GCC_WARN_ABOUT_RETURN_TYPE = YES_ERROR;
				GCC_WARN_UNDECLARED_SELECTOR = YES;
				GCC_WARN_UNINITIALIZED_AUTOS = YES_AGGRESSIVE;
				GCC_WARN_UNUSED_FUNCTION = YES;
				GCC_WARN_UNUSED_VARIABLE = YES;
				IPHONEOS_DEPLOYMENT_TARGET = 17.2;
				LOCALIZATION_PREFERS_STRING_CATALOGS = YES;
				MTL_ENABLE_DEBUG_INFO = NO;
				MTL_FAST_MATH = YES;
				SDKROOT = iphoneos;
				SWIFT_COMPILATION_MODE = wholemodule;
				VALIDATE_PRODUCT = YES;
			};
			name = Release;
		};
		4E630F1D2B9F7E090008F887 /* Debug */ = {
			isa = XCBuildConfiguration;
			buildSettings = {
				ASSETCATALOG_COMPILER_APPICON_NAME = AppIcon;
				ASSETCATALOG_COMPILER_GLOBAL_ACCENT_COLOR_NAME = AccentColor;
				CODE_SIGN_STYLE = Automatic;
				CURRENT_PROJECT_VERSION = 1;
				DEVELOPMENT_TEAM = URDC7SC6B3;
				ENABLE_USER_SCRIPT_SANDBOXING = NO;
				GENERATE_INFOPLIST_FILE = YES;
				INFOPLIST_FILE = "star-dash/Info.plist";
				INFOPLIST_KEY_UIApplicationSupportsIndirectInputEvents = YES;
				INFOPLIST_KEY_UILaunchStoryboardName = LaunchScreen;
				INFOPLIST_KEY_UIMainStoryboardFile = Main;
				INFOPLIST_KEY_UISupportedInterfaceOrientations = "UIInterfaceOrientationLandscapeLeft UIInterfaceOrientationLandscapeRight UIInterfaceOrientationPortrait";
				INFOPLIST_KEY_UISupportedInterfaceOrientations_iPad = "UIInterfaceOrientationLandscapeLeft UIInterfaceOrientationLandscapeRight";
				IPHONEOS_DEPLOYMENT_TARGET = 15.0;
				LD_RUNPATH_SEARCH_PATHS = (
					"$(inherited)",
					"@executable_path/Frameworks",
				);
				MARKETING_VERSION = 1.0;
				PRODUCT_BUNDLE_IDENTIFIER = "junhao-bid";
				PRODUCT_NAME = "$(TARGET_NAME)";
				SUPPORTED_PLATFORMS = "iphoneos iphonesimulator";
				SUPPORTS_MACCATALYST = NO;
				SUPPORTS_MAC_DESIGNED_FOR_IPHONE_IPAD = NO;
				SUPPORTS_XR_DESIGNED_FOR_IPHONE_IPAD = NO;
				SWIFT_EMIT_LOC_STRINGS = YES;
				SWIFT_VERSION = 5.0;
				TARGETED_DEVICE_FAMILY = 2;
			};
			name = Debug;
		};
		4E630F1E2B9F7E090008F887 /* Release */ = {
			isa = XCBuildConfiguration;
			buildSettings = {
				ASSETCATALOG_COMPILER_APPICON_NAME = AppIcon;
				ASSETCATALOG_COMPILER_GLOBAL_ACCENT_COLOR_NAME = AccentColor;
				CODE_SIGN_STYLE = Automatic;
				CURRENT_PROJECT_VERSION = 1;
				DEVELOPMENT_TEAM = URDC7SC6B3;
				ENABLE_USER_SCRIPT_SANDBOXING = NO;
				GENERATE_INFOPLIST_FILE = YES;
				INFOPLIST_FILE = "star-dash/Info.plist";
				INFOPLIST_KEY_UIApplicationSupportsIndirectInputEvents = YES;
				INFOPLIST_KEY_UILaunchStoryboardName = LaunchScreen;
				INFOPLIST_KEY_UIMainStoryboardFile = Main;
				INFOPLIST_KEY_UISupportedInterfaceOrientations = "UIInterfaceOrientationLandscapeLeft UIInterfaceOrientationLandscapeRight UIInterfaceOrientationPortrait";
				INFOPLIST_KEY_UISupportedInterfaceOrientations_iPad = "UIInterfaceOrientationLandscapeLeft UIInterfaceOrientationLandscapeRight";
				IPHONEOS_DEPLOYMENT_TARGET = 15.0;
				LD_RUNPATH_SEARCH_PATHS = (
					"$(inherited)",
					"@executable_path/Frameworks",
				);
				MARKETING_VERSION = 1.0;
				PRODUCT_BUNDLE_IDENTIFIER = "junhao-bid";
				PRODUCT_NAME = "$(TARGET_NAME)";
				SUPPORTED_PLATFORMS = "iphoneos iphonesimulator";
				SUPPORTS_MACCATALYST = NO;
				SUPPORTS_MAC_DESIGNED_FOR_IPHONE_IPAD = NO;
				SUPPORTS_XR_DESIGNED_FOR_IPHONE_IPAD = NO;
				SWIFT_EMIT_LOC_STRINGS = YES;
				SWIFT_VERSION = 5.0;
				TARGETED_DEVICE_FAMILY = 2;
			};
			name = Release;
		};
		4E630F202B9F7E090008F887 /* Debug */ = {
			isa = XCBuildConfiguration;
			buildSettings = {
				ALWAYS_EMBED_SWIFT_STANDARD_LIBRARIES = YES;
				BUNDLE_LOADER = "$(TEST_HOST)";
				CODE_SIGN_STYLE = Automatic;
				CURRENT_PROJECT_VERSION = 1;
				DEVELOPMENT_TEAM = VFS4882B2L;
				GENERATE_INFOPLIST_FILE = YES;
				IPHONEOS_DEPLOYMENT_TARGET = 17.2;
				MARKETING_VERSION = 1.0;
				PRODUCT_BUNDLE_IDENTIFIER = "ruihan.star-dashTests";
				PRODUCT_NAME = "$(TARGET_NAME)";
				SWIFT_EMIT_LOC_STRINGS = NO;
				SWIFT_VERSION = 5.0;
				TARGETED_DEVICE_FAMILY = "1,2";
				TEST_HOST = "$(BUILT_PRODUCTS_DIR)/star-dash.app/$(BUNDLE_EXECUTABLE_FOLDER_PATH)/star-dash";
			};
			name = Debug;
		};
		4E630F212B9F7E090008F887 /* Release */ = {
			isa = XCBuildConfiguration;
			buildSettings = {
				ALWAYS_EMBED_SWIFT_STANDARD_LIBRARIES = YES;
				BUNDLE_LOADER = "$(TEST_HOST)";
				CODE_SIGN_STYLE = Automatic;
				CURRENT_PROJECT_VERSION = 1;
				DEVELOPMENT_TEAM = VFS4882B2L;
				GENERATE_INFOPLIST_FILE = YES;
				IPHONEOS_DEPLOYMENT_TARGET = 17.2;
				MARKETING_VERSION = 1.0;
				PRODUCT_BUNDLE_IDENTIFIER = "ruihan.star-dashTests";
				PRODUCT_NAME = "$(TARGET_NAME)";
				SWIFT_EMIT_LOC_STRINGS = NO;
				SWIFT_VERSION = 5.0;
				TARGETED_DEVICE_FAMILY = "1,2";
				TEST_HOST = "$(BUILT_PRODUCTS_DIR)/star-dash.app/$(BUNDLE_EXECUTABLE_FOLDER_PATH)/star-dash";
			};
			name = Release;
		};
		4E630F232B9F7E090008F887 /* Debug */ = {
			isa = XCBuildConfiguration;
			buildSettings = {
				ALWAYS_EMBED_SWIFT_STANDARD_LIBRARIES = YES;
				CODE_SIGN_STYLE = Automatic;
				CURRENT_PROJECT_VERSION = 1;
				DEVELOPMENT_TEAM = VFS4882B2L;
				GENERATE_INFOPLIST_FILE = YES;
				MARKETING_VERSION = 1.0;
				PRODUCT_BUNDLE_IDENTIFIER = "ruihan.star-dashUITests";
				PRODUCT_NAME = "$(TARGET_NAME)";
				SWIFT_EMIT_LOC_STRINGS = NO;
				SWIFT_VERSION = 5.0;
				TARGETED_DEVICE_FAMILY = "1,2";
				TEST_TARGET_NAME = "star-dash";
			};
			name = Debug;
		};
		4E630F242B9F7E090008F887 /* Release */ = {
			isa = XCBuildConfiguration;
			buildSettings = {
				ALWAYS_EMBED_SWIFT_STANDARD_LIBRARIES = YES;
				CODE_SIGN_STYLE = Automatic;
				CURRENT_PROJECT_VERSION = 1;
				DEVELOPMENT_TEAM = VFS4882B2L;
				GENERATE_INFOPLIST_FILE = YES;
				MARKETING_VERSION = 1.0;
				PRODUCT_BUNDLE_IDENTIFIER = "ruihan.star-dashUITests";
				PRODUCT_NAME = "$(TARGET_NAME)";
				SWIFT_EMIT_LOC_STRINGS = NO;
				SWIFT_VERSION = 5.0;
				TARGETED_DEVICE_FAMILY = "1,2";
				TEST_TARGET_NAME = "star-dash";
			};
			name = Release;
		};
/* End XCBuildConfiguration section */

/* Begin XCConfigurationList section */
		4E630EED2B9F7E070008F887 /* Build configuration list for PBXProject "star-dash" */ = {
			isa = XCConfigurationList;
			buildConfigurations = (
				4E630F1A2B9F7E090008F887 /* Debug */,
				4E630F1B2B9F7E090008F887 /* Release */,
			);
			defaultConfigurationIsVisible = 0;
			defaultConfigurationName = Release;
		};
		4E630F1C2B9F7E090008F887 /* Build configuration list for PBXNativeTarget "star-dash" */ = {
			isa = XCConfigurationList;
			buildConfigurations = (
				4E630F1D2B9F7E090008F887 /* Debug */,
				4E630F1E2B9F7E090008F887 /* Release */,
			);
			defaultConfigurationIsVisible = 0;
			defaultConfigurationName = Release;
		};
		4E630F1F2B9F7E090008F887 /* Build configuration list for PBXNativeTarget "star-dashTests" */ = {
			isa = XCConfigurationList;
			buildConfigurations = (
				4E630F202B9F7E090008F887 /* Debug */,
				4E630F212B9F7E090008F887 /* Release */,
			);
			defaultConfigurationIsVisible = 0;
			defaultConfigurationName = Release;
		};
		4E630F222B9F7E090008F887 /* Build configuration list for PBXNativeTarget "star-dashUITests" */ = {
			isa = XCConfigurationList;
			buildConfigurations = (
				4E630F232B9F7E090008F887 /* Debug */,
				4E630F242B9F7E090008F887 /* Release */,
			);
			defaultConfigurationIsVisible = 0;
			defaultConfigurationName = Release;
		};
/* End XCConfigurationList section */

/* Begin XCRemoteSwiftPackageReference section */
		14E247912BA2CA920071FFC0 /* XCRemoteSwiftPackageReference "swift-collections" */ = {
			isa = XCRemoteSwiftPackageReference;
			repositoryURL = "https://github.com/apple/swift-collections.git";
			requirement = {
				kind = upToNextMajorVersion;
				minimumVersion = 1.1.0;
			};
		};
		4E59E2542BAB33EC007B3FA7 /* XCRemoteSwiftPackageReference "SQLite.swift" */ = {
			isa = XCRemoteSwiftPackageReference;
			repositoryURL = "https://github.com/stephencelis/SQLite.swift.git";
			requirement = {
				kind = upToNextMajorVersion;
				minimumVersion = 0.15.0;
			};
		};
/* End XCRemoteSwiftPackageReference section */

/* Begin XCSwiftPackageProductDependency section */
		14E247922BA2CA920071FFC0 /* DequeModule */ = {
			isa = XCSwiftPackageProductDependency;
			package = 14E247912BA2CA920071FFC0 /* XCRemoteSwiftPackageReference "swift-collections" */;
			productName = DequeModule;
		};
		4E59E2552BAB33EC007B3FA7 /* SQLite */ = {
			isa = XCSwiftPackageProductDependency;
			package = 4E59E2542BAB33EC007B3FA7 /* XCRemoteSwiftPackageReference "SQLite.swift" */;
			productName = SQLite;
		};
		E6B1DC8E2BA3459600473563 /* SDPhysicsEngine */ = {
			isa = XCSwiftPackageProductDependency;
			productName = SDPhysicsEngine;
		};
		E6E4B82F2BA6C8D4005ABAB1 /* SDPhysicsEngine */ = {
			isa = XCSwiftPackageProductDependency;
			productName = SDPhysicsEngine;
		};
/* End XCSwiftPackageProductDependency section */
	};
	rootObject = 4E630EEA2B9F7E070008F887 /* Project object */;
}
