// !$*UTF8*$!
{
	archiveVersion = 1;
	classes = {
	};
	objectVersion = 56;
	objects = {

/* Begin PBXBuildFile section */
		142D9F8F2BA15FBB005FE9E0 /* .swiftlint.yml in Resources */ = {isa = PBXBuildFile; fileRef = 142D9F8E2BA15FBB005FE9E0 /* .swiftlint.yml */; };
		143AA38C2BA4D3E3009C28E7 /* JumpEvent.swift in Sources */ = {isa = PBXBuildFile; fileRef = 143AA38B2BA4D3E3009C28E7 /* JumpEvent.swift */; };
		143AA38F2BA4D61A009C28E7 /* CGVector.swift in Sources */ = {isa = PBXBuildFile; fileRef = 143AA38E2BA4D61A009C28E7 /* CGVector.swift */; };
		143AA3912BA4D7AC009C28E7 /* DeathEvent.swift in Sources */ = {isa = PBXBuildFile; fileRef = 143AA3902BA4D7AC009C28E7 /* DeathEvent.swift */; };
		143AA3932BA4DBE7009C28E7 /* PlayerMonsterCollisionEvent.swift in Sources */ = {isa = PBXBuildFile; fileRef = 143AA3922BA4DBE7009C28E7 /* PlayerMonsterCollisionEvent.swift */; };
		143AA3952BA4DF1C009C28E7 /* AttackEvent.swift in Sources */ = {isa = PBXBuildFile; fileRef = 143AA3942BA4DF1C009C28E7 /* AttackEvent.swift */; };
		145F2C802BA203B400457549 /* Event.swift in Sources */ = {isa = PBXBuildFile; fileRef = 145F2C7F2BA203B400457549 /* Event.swift */; };
		145F2C842BA22CA300457549 /* EventModifiable.swift in Sources */ = {isa = PBXBuildFile; fileRef = 145F2C832BA22CA300457549 /* EventModifiable.swift */; };
		14E2478E2BA22FCE0071FFC0 /* MoveEvent.swift in Sources */ = {isa = PBXBuildFile; fileRef = 14E2478D2BA22FCE0071FFC0 /* MoveEvent.swift */; };
		14E247932BA2CA920071FFC0 /* DequeModule in Frameworks */ = {isa = PBXBuildFile; productRef = 14E247922BA2CA920071FFC0 /* DequeModule */; };
		14E247952BA2CB480071FFC0 /* EventManager.swift in Sources */ = {isa = PBXBuildFile; fileRef = 14E247942BA2CB480071FFC0 /* EventManager.swift */; };
		461148912BA1CDBF0073E7E1 /* SystemManager.swift in Sources */ = {isa = PBXBuildFile; fileRef = 461148902BA1CDBF0073E7E1 /* SystemManager.swift */; };
		461148932BA1D04B0073E7E1 /* System.swift in Sources */ = {isa = PBXBuildFile; fileRef = 461148922BA1D04B0073E7E1 /* System.swift */; };
		461148962BA1D53D0073E7E1 /* PositionSystem.swift in Sources */ = {isa = PBXBuildFile; fileRef = 461148952BA1D53D0073E7E1 /* PositionSystem.swift */; };
		461148982BA1E41F0073E7E1 /* PhysicsSystem.swift in Sources */ = {isa = PBXBuildFile; fileRef = 461148972BA1E41F0073E7E1 /* PhysicsSystem.swift */; };
		46B8C09A2BA328D900498705 /* GameEngine.swift in Sources */ = {isa = PBXBuildFile; fileRef = 46B8C0992BA328D900498705 /* GameEngine.swift */; };
		4E630EF62B9F7E070008F887 /* AppDelegate.swift in Sources */ = {isa = PBXBuildFile; fileRef = 4E630EF52B9F7E070008F887 /* AppDelegate.swift */; };
		4E630EF82B9F7E070008F887 /* SceneDelegate.swift in Sources */ = {isa = PBXBuildFile; fileRef = 4E630EF72B9F7E070008F887 /* SceneDelegate.swift */; };
		4E630EFA2B9F7E070008F887 /* ViewController.swift in Sources */ = {isa = PBXBuildFile; fileRef = 4E630EF92B9F7E070008F887 /* ViewController.swift */; };
		4E630EFD2B9F7E070008F887 /* Main.storyboard in Resources */ = {isa = PBXBuildFile; fileRef = 4E630EFB2B9F7E070008F887 /* Main.storyboard */; };
		4E630EFF2B9F7E090008F887 /* Assets.xcassets in Resources */ = {isa = PBXBuildFile; fileRef = 4E630EFE2B9F7E090008F887 /* Assets.xcassets */; };
		4E630F022B9F7E090008F887 /* LaunchScreen.storyboard in Resources */ = {isa = PBXBuildFile; fileRef = 4E630F002B9F7E090008F887 /* LaunchScreen.storyboard */; };
		4E630F0D2B9F7E090008F887 /* star_dashTests.swift in Sources */ = {isa = PBXBuildFile; fileRef = 4E630F0C2B9F7E090008F887 /* star_dashTests.swift */; };
		4E630F172B9F7E090008F887 /* star_dashUITests.swift in Sources */ = {isa = PBXBuildFile; fileRef = 4E630F162B9F7E090008F887 /* star_dashUITests.swift */; };
		4E630F192B9F7E090008F887 /* star_dashUITestsLaunchTests.swift in Sources */ = {isa = PBXBuildFile; fileRef = 4E630F182B9F7E090008F887 /* star_dashUITestsLaunchTests.swift */; };
		4E630F272B9F7E770008F887 /* Entity.swift in Sources */ = {isa = PBXBuildFile; fileRef = 4E630F262B9F7E770008F887 /* Entity.swift */; };
		4E630F2A2B9F7EF60008F887 /* PositionComponent.swift in Sources */ = {isa = PBXBuildFile; fileRef = 4E630F292B9F7EF60008F887 /* PositionComponent.swift */; };
		4E630F2C2B9F7F460008F887 /* Component.swift in Sources */ = {isa = PBXBuildFile; fileRef = 4E630F2B2B9F7F460008F887 /* Component.swift */; };
		4E630F2E2B9F81850008F887 /* HealthComponent.swift in Sources */ = {isa = PBXBuildFile; fileRef = 4E630F2D2B9F81850008F887 /* HealthComponent.swift */; };
		4E630F302B9F83DE0008F887 /* SpriteComponent.swift in Sources */ = {isa = PBXBuildFile; fileRef = 4E630F2F2B9F83DE0008F887 /* SpriteComponent.swift */; };
		4E630F322B9F887C0008F887 /* PhysicsComponent.swift in Sources */ = {isa = PBXBuildFile; fileRef = 4E630F312B9F887C0008F887 /* PhysicsComponent.swift */; };
		4E630F342B9F8FC00008F887 /* Player.swift in Sources */ = {isa = PBXBuildFile; fileRef = 4E630F332B9F8FC00008F887 /* Player.swift */; };
		4E630F372B9F91DE0008F887 /* PlayerSprite.swift in Sources */ = {isa = PBXBuildFile; fileRef = 4E630F362B9F91DE0008F887 /* PlayerSprite.swift */; };
		4E630F392B9F943B0008F887 /* EntityManager.swift in Sources */ = {isa = PBXBuildFile; fileRef = 4E630F382B9F943B0008F887 /* EntityManager.swift */; };
		4E86605C2BA095460035530D /* Monster.swift in Sources */ = {isa = PBXBuildFile; fileRef = 4E86605B2BA095460035530D /* Monster.swift */; };
		4E86605F2BA095E30035530D /* Collectible.swift in Sources */ = {isa = PBXBuildFile; fileRef = 4E86605E2BA095E30035530D /* Collectible.swift */; };
		4E8660622BA0964A0035530D /* Obstacle.swift in Sources */ = {isa = PBXBuildFile; fileRef = 4E8660612BA0964A0035530D /* Obstacle.swift */; };
		4E8660642BA096600035530D /* Tool.swift in Sources */ = {isa = PBXBuildFile; fileRef = 4E8660632BA096600035530D /* Tool.swift */; };
		4E8660662BA097D40035530D /* PhysicsConstants.swift in Sources */ = {isa = PBXBuildFile; fileRef = 4E8660652BA097D40035530D /* PhysicsConstants.swift */; };
		E6A745162BA057040080C1BE /* MTKRenderer.swift in Sources */ = {isa = PBXBuildFile; fileRef = E6A745112BA057040080C1BE /* MTKRenderer.swift */; };
		E6A745172BA057040080C1BE /* ControlView.swift in Sources */ = {isa = PBXBuildFile; fileRef = E6A745122BA057040080C1BE /* ControlView.swift */; };
		E6A745182BA057040080C1BE /* Renderer.swift in Sources */ = {isa = PBXBuildFile; fileRef = E6A745132BA057040080C1BE /* Renderer.swift */; };
		E6A745192BA057040080C1BE /* GameScene.swift in Sources */ = {isa = PBXBuildFile; fileRef = E6A745152BA057040080C1BE /* GameScene.swift */; };
		E6A7451B2BA0C1890080C1BE /* PlayerView.swift in Sources */ = {isa = PBXBuildFile; fileRef = E6A7451A2BA0C1890080C1BE /* PlayerView.swift */; };
		E6A7451D2BA0CAD90080C1BE /* JoystickView.swift in Sources */ = {isa = PBXBuildFile; fileRef = E6A7451C2BA0CAD90080C1BE /* JoystickView.swift */; };
		E6B550A12BA15E9C00DC7396 /* OverlayView.swift in Sources */ = {isa = PBXBuildFile; fileRef = E6B550A02BA15E9C00DC7396 /* OverlayView.swift */; };
/* End PBXBuildFile section */

/* Begin PBXContainerItemProxy section */
		4E630F092B9F7E090008F887 /* PBXContainerItemProxy */ = {
			isa = PBXContainerItemProxy;
			containerPortal = 4E630EEA2B9F7E070008F887 /* Project object */;
			proxyType = 1;
			remoteGlobalIDString = 4E630EF12B9F7E070008F887;
			remoteInfo = "star-dash";
		};
		4E630F132B9F7E090008F887 /* PBXContainerItemProxy */ = {
			isa = PBXContainerItemProxy;
			containerPortal = 4E630EEA2B9F7E070008F887 /* Project object */;
			proxyType = 1;
			remoteGlobalIDString = 4E630EF12B9F7E070008F887;
			remoteInfo = "star-dash";
		};
/* End PBXContainerItemProxy section */

/* Begin PBXFileReference section */
		142D9F8E2BA15FBB005FE9E0 /* .swiftlint.yml */ = {isa = PBXFileReference; fileEncoding = 4; lastKnownFileType = text.yaml; path = .swiftlint.yml; sourceTree = "<group>"; };
		143AA38B2BA4D3E3009C28E7 /* JumpEvent.swift */ = {isa = PBXFileReference; lastKnownFileType = sourcecode.swift; path = JumpEvent.swift; sourceTree = "<group>"; };
		143AA38E2BA4D61A009C28E7 /* CGVector.swift */ = {isa = PBXFileReference; lastKnownFileType = sourcecode.swift; path = CGVector.swift; sourceTree = "<group>"; };
		143AA3902BA4D7AC009C28E7 /* DeathEvent.swift */ = {isa = PBXFileReference; lastKnownFileType = sourcecode.swift; path = DeathEvent.swift; sourceTree = "<group>"; };
		143AA3922BA4DBE7009C28E7 /* PlayerMonsterCollisionEvent.swift */ = {isa = PBXFileReference; lastKnownFileType = sourcecode.swift; path = PlayerMonsterCollisionEvent.swift; sourceTree = "<group>"; };
		143AA3942BA4DF1C009C28E7 /* AttackEvent.swift */ = {isa = PBXFileReference; lastKnownFileType = sourcecode.swift; path = AttackEvent.swift; sourceTree = "<group>"; };
		145F2C7F2BA203B400457549 /* Event.swift */ = {isa = PBXFileReference; lastKnownFileType = sourcecode.swift; path = Event.swift; sourceTree = "<group>"; };
		145F2C832BA22CA300457549 /* EventModifiable.swift */ = {isa = PBXFileReference; lastKnownFileType = sourcecode.swift; path = EventModifiable.swift; sourceTree = "<group>"; };
		14E2478D2BA22FCE0071FFC0 /* MoveEvent.swift */ = {isa = PBXFileReference; lastKnownFileType = sourcecode.swift; path = MoveEvent.swift; sourceTree = "<group>"; };
		14E247942BA2CB480071FFC0 /* EventManager.swift */ = {isa = PBXFileReference; lastKnownFileType = sourcecode.swift; path = EventManager.swift; sourceTree = "<group>"; };
		461148902BA1CDBF0073E7E1 /* SystemManager.swift */ = {isa = PBXFileReference; lastKnownFileType = sourcecode.swift; path = SystemManager.swift; sourceTree = "<group>"; };
		461148922BA1D04B0073E7E1 /* System.swift */ = {isa = PBXFileReference; lastKnownFileType = sourcecode.swift; path = System.swift; sourceTree = "<group>"; };
		461148952BA1D53D0073E7E1 /* PositionSystem.swift */ = {isa = PBXFileReference; lastKnownFileType = sourcecode.swift; path = PositionSystem.swift; sourceTree = "<group>"; };
		461148972BA1E41F0073E7E1 /* PhysicsSystem.swift */ = {isa = PBXFileReference; lastKnownFileType = sourcecode.swift; path = PhysicsSystem.swift; sourceTree = "<group>"; };
		46B8C0992BA328D900498705 /* GameEngine.swift */ = {isa = PBXFileReference; lastKnownFileType = sourcecode.swift; path = GameEngine.swift; sourceTree = "<group>"; };
		4E630EF22B9F7E070008F887 /* star-dash.app */ = {isa = PBXFileReference; explicitFileType = wrapper.application; includeInIndex = 0; path = "star-dash.app"; sourceTree = BUILT_PRODUCTS_DIR; };
		4E630EF52B9F7E070008F887 /* AppDelegate.swift */ = {isa = PBXFileReference; lastKnownFileType = sourcecode.swift; path = AppDelegate.swift; sourceTree = "<group>"; };
		4E630EF72B9F7E070008F887 /* SceneDelegate.swift */ = {isa = PBXFileReference; lastKnownFileType = sourcecode.swift; path = SceneDelegate.swift; sourceTree = "<group>"; };
		4E630EF92B9F7E070008F887 /* ViewController.swift */ = {isa = PBXFileReference; lastKnownFileType = sourcecode.swift; path = ViewController.swift; sourceTree = "<group>"; };
		4E630EFC2B9F7E070008F887 /* Base */ = {isa = PBXFileReference; lastKnownFileType = file.storyboard; name = Base; path = Base.lproj/Main.storyboard; sourceTree = "<group>"; };
		4E630EFE2B9F7E090008F887 /* Assets.xcassets */ = {isa = PBXFileReference; lastKnownFileType = folder.assetcatalog; path = Assets.xcassets; sourceTree = "<group>"; };
		4E630F012B9F7E090008F887 /* Base */ = {isa = PBXFileReference; lastKnownFileType = file.storyboard; name = Base; path = Base.lproj/LaunchScreen.storyboard; sourceTree = "<group>"; };
		4E630F032B9F7E090008F887 /* Info.plist */ = {isa = PBXFileReference; lastKnownFileType = text.plist.xml; path = Info.plist; sourceTree = "<group>"; };
		4E630F082B9F7E090008F887 /* star-dashTests.xctest */ = {isa = PBXFileReference; explicitFileType = wrapper.cfbundle; includeInIndex = 0; path = "star-dashTests.xctest"; sourceTree = BUILT_PRODUCTS_DIR; };
		4E630F0C2B9F7E090008F887 /* star_dashTests.swift */ = {isa = PBXFileReference; lastKnownFileType = sourcecode.swift; path = star_dashTests.swift; sourceTree = "<group>"; };
		4E630F122B9F7E090008F887 /* star-dashUITests.xctest */ = {isa = PBXFileReference; explicitFileType = wrapper.cfbundle; includeInIndex = 0; path = "star-dashUITests.xctest"; sourceTree = BUILT_PRODUCTS_DIR; };
		4E630F162B9F7E090008F887 /* star_dashUITests.swift */ = {isa = PBXFileReference; lastKnownFileType = sourcecode.swift; path = star_dashUITests.swift; sourceTree = "<group>"; };
		4E630F182B9F7E090008F887 /* star_dashUITestsLaunchTests.swift */ = {isa = PBXFileReference; lastKnownFileType = sourcecode.swift; path = star_dashUITestsLaunchTests.swift; sourceTree = "<group>"; };
		4E630F262B9F7E770008F887 /* Entity.swift */ = {isa = PBXFileReference; lastKnownFileType = sourcecode.swift; path = Entity.swift; sourceTree = "<group>"; };
		4E630F292B9F7EF60008F887 /* PositionComponent.swift */ = {isa = PBXFileReference; lastKnownFileType = sourcecode.swift; path = PositionComponent.swift; sourceTree = "<group>"; };
		4E630F2B2B9F7F460008F887 /* Component.swift */ = {isa = PBXFileReference; lastKnownFileType = sourcecode.swift; path = Component.swift; sourceTree = "<group>"; };
		4E630F2D2B9F81850008F887 /* HealthComponent.swift */ = {isa = PBXFileReference; lastKnownFileType = sourcecode.swift; path = HealthComponent.swift; sourceTree = "<group>"; };
		4E630F2F2B9F83DE0008F887 /* SpriteComponent.swift */ = {isa = PBXFileReference; lastKnownFileType = sourcecode.swift; path = SpriteComponent.swift; sourceTree = "<group>"; };
		4E630F312B9F887C0008F887 /* PhysicsComponent.swift */ = {isa = PBXFileReference; lastKnownFileType = sourcecode.swift; path = PhysicsComponent.swift; sourceTree = "<group>"; };
		4E630F332B9F8FC00008F887 /* Player.swift */ = {isa = PBXFileReference; lastKnownFileType = sourcecode.swift; path = Player.swift; sourceTree = "<group>"; };
		4E630F362B9F91DE0008F887 /* PlayerSprite.swift */ = {isa = PBXFileReference; lastKnownFileType = sourcecode.swift; path = PlayerSprite.swift; sourceTree = "<group>"; };
		4E630F382B9F943B0008F887 /* EntityManager.swift */ = {isa = PBXFileReference; lastKnownFileType = sourcecode.swift; path = EntityManager.swift; sourceTree = "<group>"; };
		4E86605B2BA095460035530D /* Monster.swift */ = {isa = PBXFileReference; lastKnownFileType = sourcecode.swift; path = Monster.swift; sourceTree = "<group>"; };
		4E86605E2BA095E30035530D /* Collectible.swift */ = {isa = PBXFileReference; lastKnownFileType = sourcecode.swift; path = Collectible.swift; sourceTree = "<group>"; };
		4E8660612BA0964A0035530D /* Obstacle.swift */ = {isa = PBXFileReference; lastKnownFileType = sourcecode.swift; path = Obstacle.swift; sourceTree = "<group>"; };
		4E8660632BA096600035530D /* Tool.swift */ = {isa = PBXFileReference; lastKnownFileType = sourcecode.swift; path = Tool.swift; sourceTree = "<group>"; };
		4E8660652BA097D40035530D /* PhysicsConstants.swift */ = {isa = PBXFileReference; lastKnownFileType = sourcecode.swift; path = PhysicsConstants.swift; sourceTree = "<group>"; };
		E6A745112BA057040080C1BE /* MTKRenderer.swift */ = {isa = PBXFileReference; fileEncoding = 4; lastKnownFileType = sourcecode.swift; path = MTKRenderer.swift; sourceTree = "<group>"; };
		E6A745122BA057040080C1BE /* ControlView.swift */ = {isa = PBXFileReference; fileEncoding = 4; lastKnownFileType = sourcecode.swift; path = ControlView.swift; sourceTree = "<group>"; };
		E6A745132BA057040080C1BE /* Renderer.swift */ = {isa = PBXFileReference; fileEncoding = 4; lastKnownFileType = sourcecode.swift; path = Renderer.swift; sourceTree = "<group>"; };
		E6A745152BA057040080C1BE /* GameScene.swift */ = {isa = PBXFileReference; fileEncoding = 4; lastKnownFileType = sourcecode.swift; path = GameScene.swift; sourceTree = "<group>"; };
		E6A7451A2BA0C1890080C1BE /* PlayerView.swift */ = {isa = PBXFileReference; fileEncoding = 4; lastKnownFileType = sourcecode.swift; path = PlayerView.swift; sourceTree = "<group>"; };
		E6A7451C2BA0CAD90080C1BE /* JoystickView.swift */ = {isa = PBXFileReference; fileEncoding = 4; lastKnownFileType = sourcecode.swift; path = JoystickView.swift; sourceTree = "<group>"; };
		E6B550A02BA15E9C00DC7396 /* OverlayView.swift */ = {isa = PBXFileReference; lastKnownFileType = sourcecode.swift; path = OverlayView.swift; sourceTree = "<group>"; };
/* End PBXFileReference section */

/* Begin PBXFrameworksBuildPhase section */
		4E630EEF2B9F7E070008F887 /* Frameworks */ = {
			isa = PBXFrameworksBuildPhase;
			buildActionMask = 2147483647;
			files = (
				14E247932BA2CA920071FFC0 /* DequeModule in Frameworks */,
			);
			runOnlyForDeploymentPostprocessing = 0;
		};
		4E630F052B9F7E090008F887 /* Frameworks */ = {
			isa = PBXFrameworksBuildPhase;
			buildActionMask = 2147483647;
			files = (
			);
			runOnlyForDeploymentPostprocessing = 0;
		};
		4E630F0F2B9F7E090008F887 /* Frameworks */ = {
			isa = PBXFrameworksBuildPhase;
			buildActionMask = 2147483647;
			files = (
			);
			runOnlyForDeploymentPostprocessing = 0;
		};
/* End PBXFrameworksBuildPhase section */

/* Begin PBXGroup section */
		143AA38D2BA4D600009C28E7 /* Extensions */ = {
			isa = PBXGroup;
			children = (
				143AA38E2BA4D61A009C28E7 /* CGVector.swift */,
			);
			path = Extensions;
			sourceTree = "<group>";
		};
		145F2C7E2BA2039700457549 /* Events */ = {
			isa = PBXGroup;
			children = (
				145F2C7F2BA203B400457549 /* Event.swift */,
				14E247942BA2CB480071FFC0 /* EventManager.swift */,
				145F2C832BA22CA300457549 /* EventModifiable.swift */,
				14E2478D2BA22FCE0071FFC0 /* MoveEvent.swift */,
				143AA38B2BA4D3E3009C28E7 /* JumpEvent.swift */,
				143AA3902BA4D7AC009C28E7 /* DeathEvent.swift */,
				143AA3922BA4DBE7009C28E7 /* PlayerMonsterCollisionEvent.swift */,
				143AA3942BA4DF1C009C28E7 /* AttackEvent.swift */,
			);
			path = Events;
			sourceTree = "<group>";
		};
		4611488F2BA1CD9E0073E7E1 /* Systems */ = {
			isa = PBXGroup;
			children = (
				461148902BA1CDBF0073E7E1 /* SystemManager.swift */,
				461148922BA1D04B0073E7E1 /* System.swift */,
				461148952BA1D53D0073E7E1 /* PositionSystem.swift */,
				461148972BA1E41F0073E7E1 /* PhysicsSystem.swift */,
			);
			path = Systems;
			sourceTree = "<group>";
		};
		46B8C0982BA328BF00498705 /* GameEngine */ = {
			isa = PBXGroup;
			children = (
				4611488F2BA1CD9E0073E7E1 /* Systems */,
				4E630F282B9F7EC20008F887 /* Components */,
				4E630F252B9F7E500008F887 /* Entities */,
				46B8C0992BA328D900498705 /* GameEngine.swift */,
			);
			path = GameEngine;
			sourceTree = "<group>";
		};
		4E630EE92B9F7E070008F887 = {
			isa = PBXGroup;
			children = (
				4E630EF42B9F7E070008F887 /* star-dash */,
				4E630F0B2B9F7E090008F887 /* star-dashTests */,
				4E630F152B9F7E090008F887 /* star-dashUITests */,
				142D9F8E2BA15FBB005FE9E0 /* .swiftlint.yml */,
				4E630EF32B9F7E070008F887 /* Products */,
			);
			sourceTree = "<group>";
		};
		4E630EF32B9F7E070008F887 /* Products */ = {
			isa = PBXGroup;
			children = (
				4E630EF22B9F7E070008F887 /* star-dash.app */,
				4E630F082B9F7E090008F887 /* star-dashTests.xctest */,
				4E630F122B9F7E090008F887 /* star-dashUITests.xctest */,
			);
			name = Products;
			sourceTree = "<group>";
		};
		4E630EF42B9F7E070008F887 /* star-dash */ = {
			isa = PBXGroup;
			children = (
				46B8C0982BA328BF00498705 /* GameEngine */,
				E6A745142BA057040080C1BE /* GameScene */,
				E6A745102BA057040080C1BE /* Rendering */,
				4E86605D2BA095CC0035530D /* Constants */,
				4E630F352B9F91C20008F887 /* Enums */,
				145F2C7E2BA2039700457549 /* Events */,
				143AA38D2BA4D600009C28E7 /* Extensions */,
				4E630EF52B9F7E070008F887 /* AppDelegate.swift */,
				4E630EF72B9F7E070008F887 /* SceneDelegate.swift */,
				4E630EF92B9F7E070008F887 /* ViewController.swift */,
				4E630EFB2B9F7E070008F887 /* Main.storyboard */,
				4E630EFE2B9F7E090008F887 /* Assets.xcassets */,
				4E630F002B9F7E090008F887 /* LaunchScreen.storyboard */,
				4E630F032B9F7E090008F887 /* Info.plist */,
			);
			path = "star-dash";
			sourceTree = "<group>";
		};
		4E630F0B2B9F7E090008F887 /* star-dashTests */ = {
			isa = PBXGroup;
			children = (
				4E630F0C2B9F7E090008F887 /* star_dashTests.swift */,
			);
			path = "star-dashTests";
			sourceTree = "<group>";
		};
		4E630F152B9F7E090008F887 /* star-dashUITests */ = {
			isa = PBXGroup;
			children = (
				4E630F162B9F7E090008F887 /* star_dashUITests.swift */,
				4E630F182B9F7E090008F887 /* star_dashUITestsLaunchTests.swift */,
			);
			path = "star-dashUITests";
			sourceTree = "<group>";
		};
		4E630F252B9F7E500008F887 /* Entities */ = {
			isa = PBXGroup;
			children = (
				4E8660602BA0961F0035530D /* GameEntities */,
				4E630F262B9F7E770008F887 /* Entity.swift */,
				4E630F382B9F943B0008F887 /* EntityManager.swift */,
			);
			path = Entities;
			sourceTree = "<group>";
		};
		4E630F282B9F7EC20008F887 /* Components */ = {
			isa = PBXGroup;
			children = (
				4E630F292B9F7EF60008F887 /* PositionComponent.swift */,
				4E630F2B2B9F7F460008F887 /* Component.swift */,
				4E630F2D2B9F81850008F887 /* HealthComponent.swift */,
				4E630F2F2B9F83DE0008F887 /* SpriteComponent.swift */,
				4E630F312B9F887C0008F887 /* PhysicsComponent.swift */,
			);
			path = Components;
			sourceTree = "<group>";
		};
		4E630F352B9F91C20008F887 /* Enums */ = {
			isa = PBXGroup;
			children = (
				4E630F362B9F91DE0008F887 /* PlayerSprite.swift */,
			);
			path = Enums;
			sourceTree = "<group>";
		};
		4E86605D2BA095CC0035530D /* Constants */ = {
			isa = PBXGroup;
			children = (
				4E8660652BA097D40035530D /* PhysicsConstants.swift */,
			);
			path = Constants;
			sourceTree = "<group>";
		};
		4E8660602BA0961F0035530D /* GameEntities */ = {
			isa = PBXGroup;
			children = (
				4E630F332B9F8FC00008F887 /* Player.swift */,
				4E86605B2BA095460035530D /* Monster.swift */,
				4E86605E2BA095E30035530D /* Collectible.swift */,
				4E8660612BA0964A0035530D /* Obstacle.swift */,
				4E8660632BA096600035530D /* Tool.swift */,
			);
			path = GameEntities;
			sourceTree = "<group>";
		};
		E6A745102BA057040080C1BE /* Rendering */ = {
			isa = PBXGroup;
			children = (
				E6B5509F2BA15D2000DC7396 /* MTKRenderer */,
				E6A745132BA057040080C1BE /* Renderer.swift */,
			);
			path = Rendering;
			sourceTree = "<group>";
		};
		E6A745142BA057040080C1BE /* GameScene */ = {
			isa = PBXGroup;
			children = (
				E6A745152BA057040080C1BE /* GameScene.swift */,
			);
			path = GameScene;
			sourceTree = "<group>";
		};
		E6B5509F2BA15D2000DC7396 /* MTKRenderer */ = {
			isa = PBXGroup;
			children = (
				E6A745112BA057040080C1BE /* MTKRenderer.swift */,
				E6A7451A2BA0C1890080C1BE /* PlayerView.swift */,
				E6A7451C2BA0CAD90080C1BE /* JoystickView.swift */,
				E6A745122BA057040080C1BE /* ControlView.swift */,
				E6B550A02BA15E9C00DC7396 /* OverlayView.swift */,
			);
			path = MTKRenderer;
			sourceTree = "<group>";
		};
/* End PBXGroup section */

/* Begin PBXNativeTarget section */
		4E630EF12B9F7E070008F887 /* star-dash */ = {
			isa = PBXNativeTarget;
			buildConfigurationList = 4E630F1C2B9F7E090008F887 /* Build configuration list for PBXNativeTarget "star-dash" */;
			buildPhases = (
				4E630EEE2B9F7E070008F887 /* Sources */,
				4E630EEF2B9F7E070008F887 /* Frameworks */,
				4E630EF02B9F7E070008F887 /* Resources */,
				142D9F8D2BA15F91005FE9E0 /* SwiftLint */,
			);
			buildRules = (
			);
			dependencies = (
			);
			name = "star-dash";
			packageProductDependencies = (
				14E247922BA2CA920071FFC0 /* DequeModule */,
			);
			productName = "star-dash";
			productReference = 4E630EF22B9F7E070008F887 /* star-dash.app */;
			productType = "com.apple.product-type.application";
		};
		4E630F072B9F7E090008F887 /* star-dashTests */ = {
			isa = PBXNativeTarget;
			buildConfigurationList = 4E630F1F2B9F7E090008F887 /* Build configuration list for PBXNativeTarget "star-dashTests" */;
			buildPhases = (
				4E630F042B9F7E090008F887 /* Sources */,
				4E630F052B9F7E090008F887 /* Frameworks */,
				4E630F062B9F7E090008F887 /* Resources */,
			);
			buildRules = (
			);
			dependencies = (
				4E630F0A2B9F7E090008F887 /* PBXTargetDependency */,
			);
			name = "star-dashTests";
			productName = "star-dashTests";
			productReference = 4E630F082B9F7E090008F887 /* star-dashTests.xctest */;
			productType = "com.apple.product-type.bundle.unit-test";
		};
		4E630F112B9F7E090008F887 /* star-dashUITests */ = {
			isa = PBXNativeTarget;
			buildConfigurationList = 4E630F222B9F7E090008F887 /* Build configuration list for PBXNativeTarget "star-dashUITests" */;
			buildPhases = (
				4E630F0E2B9F7E090008F887 /* Sources */,
				4E630F0F2B9F7E090008F887 /* Frameworks */,
				4E630F102B9F7E090008F887 /* Resources */,
			);
			buildRules = (
			);
			dependencies = (
				4E630F142B9F7E090008F887 /* PBXTargetDependency */,
			);
			name = "star-dashUITests";
			productName = "star-dashUITests";
			productReference = 4E630F122B9F7E090008F887 /* star-dashUITests.xctest */;
			productType = "com.apple.product-type.bundle.ui-testing";
		};
/* End PBXNativeTarget section */

/* Begin PBXProject section */
		4E630EEA2B9F7E070008F887 /* Project object */ = {
			isa = PBXProject;
			attributes = {
				BuildIndependentTargetsInParallel = 1;
				LastSwiftUpdateCheck = 1520;
				LastUpgradeCheck = 1520;
				TargetAttributes = {
					4E630EF12B9F7E070008F887 = {
						CreatedOnToolsVersion = 15.2;
					};
					4E630F072B9F7E090008F887 = {
						CreatedOnToolsVersion = 15.2;
						TestTargetID = 4E630EF12B9F7E070008F887;
					};
					4E630F112B9F7E090008F887 = {
						CreatedOnToolsVersion = 15.2;
						TestTargetID = 4E630EF12B9F7E070008F887;
					};
				};
			};
			buildConfigurationList = 4E630EED2B9F7E070008F887 /* Build configuration list for PBXProject "star-dash" */;
			compatibilityVersion = "Xcode 14.0";
			developmentRegion = en;
			hasScannedForEncodings = 0;
			knownRegions = (
				en,
				Base,
			);
			mainGroup = 4E630EE92B9F7E070008F887;
			packageReferences = (
				14E247912BA2CA920071FFC0 /* XCRemoteSwiftPackageReference "swift-collections" */,
			);
			productRefGroup = 4E630EF32B9F7E070008F887 /* Products */;
			projectDirPath = "";
			projectRoot = "";
			targets = (
				4E630EF12B9F7E070008F887 /* star-dash */,
				4E630F072B9F7E090008F887 /* star-dashTests */,
				4E630F112B9F7E090008F887 /* star-dashUITests */,
			);
		};
/* End PBXProject section */

/* Begin PBXResourcesBuildPhase section */
		4E630EF02B9F7E070008F887 /* Resources */ = {
			isa = PBXResourcesBuildPhase;
			buildActionMask = 2147483647;
			files = (
				142D9F8F2BA15FBB005FE9E0 /* .swiftlint.yml in Resources */,
				4E630F022B9F7E090008F887 /* LaunchScreen.storyboard in Resources */,
				4E630EFF2B9F7E090008F887 /* Assets.xcassets in Resources */,
				4E630EFD2B9F7E070008F887 /* Main.storyboard in Resources */,
			);
			runOnlyForDeploymentPostprocessing = 0;
		};
		4E630F062B9F7E090008F887 /* Resources */ = {
			isa = PBXResourcesBuildPhase;
			buildActionMask = 2147483647;
			files = (
			);
			runOnlyForDeploymentPostprocessing = 0;
		};
		4E630F102B9F7E090008F887 /* Resources */ = {
			isa = PBXResourcesBuildPhase;
			buildActionMask = 2147483647;
			files = (
			);
			runOnlyForDeploymentPostprocessing = 0;
		};
/* End PBXResourcesBuildPhase section */

/* Begin PBXShellScriptBuildPhase section */
		142D9F8D2BA15F91005FE9E0 /* SwiftLint */ = {
			isa = PBXShellScriptBuildPhase;
			buildActionMask = 2147483647;
			files = (
			);
			inputFileListPaths = (
			);
			inputPaths = (
			);
			name = SwiftLint;
			outputFileListPaths = (
			);
			outputPaths = (
			);
			runOnlyForDeploymentPostprocessing = 0;
			shellPath = /bin/sh;
			shellScript = "if [[ \"$(uname -m)\" == arm64 ]]; then\n    export PATH=\"/opt/homebrew/bin:$PATH\"\nfi\n\nif which swiftlint > /dev/null; then\n  swiftlint\nelse\n  echo \"warning: SwiftLint not installed, download from https://github.com/realm/SwiftLint\"\nfi\n";
		};
/* End PBXShellScriptBuildPhase section */

/* Begin PBXSourcesBuildPhase section */
		4E630EEE2B9F7E070008F887 /* Sources */ = {
			isa = PBXSourcesBuildPhase;
			buildActionMask = 2147483647;
			files = (
				4E630F272B9F7E770008F887 /* Entity.swift in Sources */,
				4E630F2C2B9F7F460008F887 /* Component.swift in Sources */,
				143AA38F2BA4D61A009C28E7 /* CGVector.swift in Sources */,
				14E2478E2BA22FCE0071FFC0 /* MoveEvent.swift in Sources */,
				4E8660622BA0964A0035530D /* Obstacle.swift in Sources */,
				461148932BA1D04B0073E7E1 /* System.swift in Sources */,
				4E8660642BA096600035530D /* Tool.swift in Sources */,
				4E630F392B9F943B0008F887 /* EntityManager.swift in Sources */,
				4E630F302B9F83DE0008F887 /* SpriteComponent.swift in Sources */,
				4E86605F2BA095E30035530D /* Collectible.swift in Sources */,
				4E8660662BA097D40035530D /* PhysicsConstants.swift in Sources */,
				143AA3952BA4DF1C009C28E7 /* AttackEvent.swift in Sources */,
				143AA3932BA4DBE7009C28E7 /* PlayerMonsterCollisionEvent.swift in Sources */,
				461148912BA1CDBF0073E7E1 /* SystemManager.swift in Sources */,
				145F2C842BA22CA300457549 /* EventModifiable.swift in Sources */,
				4E630EFA2B9F7E070008F887 /* ViewController.swift in Sources */,
				4E630F322B9F887C0008F887 /* PhysicsComponent.swift in Sources */,
				4E630EF62B9F7E070008F887 /* AppDelegate.swift in Sources */,
				461148962BA1D53D0073E7E1 /* PositionSystem.swift in Sources */,
				143AA38C2BA4D3E3009C28E7 /* JumpEvent.swift in Sources */,
				4E630F2A2B9F7EF60008F887 /* PositionComponent.swift in Sources */,
				14E247952BA2CB480071FFC0 /* EventManager.swift in Sources */,
				4E630EF82B9F7E070008F887 /* SceneDelegate.swift in Sources */,
				E6A7451B2BA0C1890080C1BE /* PlayerView.swift in Sources */,
				E6A745162BA057040080C1BE /* MTKRenderer.swift in Sources */,
				E6A745182BA057040080C1BE /* Renderer.swift in Sources */,
				E6A745192BA057040080C1BE /* GameScene.swift in Sources */,
				E6A745172BA057040080C1BE /* ControlView.swift in Sources */,
				E6A7451D2BA0CAD90080C1BE /* JoystickView.swift in Sources */,
				E6B550A12BA15E9C00DC7396 /* OverlayView.swift in Sources */,
				4E630F342B9F8FC00008F887 /* Player.swift in Sources */,
				4E630F372B9F91DE0008F887 /* PlayerSprite.swift in Sources */,
				143AA3912BA4D7AC009C28E7 /* DeathEvent.swift in Sources */,
				46B8C09A2BA328D900498705 /* GameEngine.swift in Sources */,
				461148982BA1E41F0073E7E1 /* PhysicsSystem.swift in Sources */,
				4E630F2E2B9F81850008F887 /* HealthComponent.swift in Sources */,
				4E86605C2BA095460035530D /* Monster.swift in Sources */,
				145F2C802BA203B400457549 /* Event.swift in Sources */,
			);
			runOnlyForDeploymentPostprocessing = 0;
		};
		4E630F042B9F7E090008F887 /* Sources */ = {
			isa = PBXSourcesBuildPhase;
			buildActionMask = 2147483647;
			files = (
				4E630F0D2B9F7E090008F887 /* star_dashTests.swift in Sources */,
			);
			runOnlyForDeploymentPostprocessing = 0;
		};
		4E630F0E2B9F7E090008F887 /* Sources */ = {
			isa = PBXSourcesBuildPhase;
			buildActionMask = 2147483647;
			files = (
				4E630F192B9F7E090008F887 /* star_dashUITestsLaunchTests.swift in Sources */,
				4E630F172B9F7E090008F887 /* star_dashUITests.swift in Sources */,
			);
			runOnlyForDeploymentPostprocessing = 0;
		};
/* End PBXSourcesBuildPhase section */

/* Begin PBXTargetDependency section */
		4E630F0A2B9F7E090008F887 /* PBXTargetDependency */ = {
			isa = PBXTargetDependency;
			target = 4E630EF12B9F7E070008F887 /* star-dash */;
			targetProxy = 4E630F092B9F7E090008F887 /* PBXContainerItemProxy */;
		};
		4E630F142B9F7E090008F887 /* PBXTargetDependency */ = {
			isa = PBXTargetDependency;
			target = 4E630EF12B9F7E070008F887 /* star-dash */;
			targetProxy = 4E630F132B9F7E090008F887 /* PBXContainerItemProxy */;
		};
/* End PBXTargetDependency section */

/* Begin PBXVariantGroup section */
		4E630EFB2B9F7E070008F887 /* Main.storyboard */ = {
			isa = PBXVariantGroup;
			children = (
				4E630EFC2B9F7E070008F887 /* Base */,
			);
			name = Main.storyboard;
			sourceTree = "<group>";
		};
		4E630F002B9F7E090008F887 /* LaunchScreen.storyboard */ = {
			isa = PBXVariantGroup;
			children = (
				4E630F012B9F7E090008F887 /* Base */,
			);
			name = LaunchScreen.storyboard;
			sourceTree = "<group>";
		};
/* End PBXVariantGroup section */

/* Begin XCBuildConfiguration section */
		4E630F1A2B9F7E090008F887 /* Debug */ = {
			isa = XCBuildConfiguration;
			buildSettings = {
				ALWAYS_SEARCH_USER_PATHS = NO;
				ASSETCATALOG_COMPILER_GENERATE_SWIFT_ASSET_SYMBOL_EXTENSIONS = YES;
				CLANG_ANALYZER_NONNULL = YES;
				CLANG_ANALYZER_NUMBER_OBJECT_CONVERSION = YES_AGGRESSIVE;
				CLANG_CXX_LANGUAGE_STANDARD = "gnu++20";
				CLANG_ENABLE_MODULES = YES;
				CLANG_ENABLE_OBJC_ARC = YES;
				CLANG_ENABLE_OBJC_WEAK = YES;
				CLANG_WARN_BLOCK_CAPTURE_AUTORELEASING = YES;
				CLANG_WARN_BOOL_CONVERSION = YES;
				CLANG_WARN_COMMA = YES;
				CLANG_WARN_CONSTANT_CONVERSION = YES;
				CLANG_WARN_DEPRECATED_OBJC_IMPLEMENTATIONS = YES;
				CLANG_WARN_DIRECT_OBJC_ISA_USAGE = YES_ERROR;
				CLANG_WARN_DOCUMENTATION_COMMENTS = YES;
				CLANG_WARN_EMPTY_BODY = YES;
				CLANG_WARN_ENUM_CONVERSION = YES;
				CLANG_WARN_INFINITE_RECURSION = YES;
				CLANG_WARN_INT_CONVERSION = YES;
				CLANG_WARN_NON_LITERAL_NULL_CONVERSION = YES;
				CLANG_WARN_OBJC_IMPLICIT_RETAIN_SELF = YES;
				CLANG_WARN_OBJC_LITERAL_CONVERSION = YES;
				CLANG_WARN_OBJC_ROOT_CLASS = YES_ERROR;
				CLANG_WARN_QUOTED_INCLUDE_IN_FRAMEWORK_HEADER = YES;
				CLANG_WARN_RANGE_LOOP_ANALYSIS = YES;
				CLANG_WARN_STRICT_PROTOTYPES = YES;
				CLANG_WARN_SUSPICIOUS_MOVE = YES;
				CLANG_WARN_UNGUARDED_AVAILABILITY = YES_AGGRESSIVE;
				CLANG_WARN_UNREACHABLE_CODE = YES;
				CLANG_WARN__DUPLICATE_METHOD_MATCH = YES;
				COPY_PHASE_STRIP = NO;
				DEBUG_INFORMATION_FORMAT = dwarf;
				ENABLE_STRICT_OBJC_MSGSEND = YES;
				ENABLE_TESTABILITY = YES;
				ENABLE_USER_SCRIPT_SANDBOXING = YES;
				GCC_C_LANGUAGE_STANDARD = gnu17;
				GCC_DYNAMIC_NO_PIC = NO;
				GCC_NO_COMMON_BLOCKS = YES;
				GCC_OPTIMIZATION_LEVEL = 0;
				GCC_PREPROCESSOR_DEFINITIONS = (
					"DEBUG=1",
					"$(inherited)",
				);
				GCC_WARN_64_TO_32_BIT_CONVERSION = YES;
				GCC_WARN_ABOUT_RETURN_TYPE = YES_ERROR;
				GCC_WARN_UNDECLARED_SELECTOR = YES;
				GCC_WARN_UNINITIALIZED_AUTOS = YES_AGGRESSIVE;
				GCC_WARN_UNUSED_FUNCTION = YES;
				GCC_WARN_UNUSED_VARIABLE = YES;
				IPHONEOS_DEPLOYMENT_TARGET = 17.2;
				LOCALIZATION_PREFERS_STRING_CATALOGS = YES;
				MTL_ENABLE_DEBUG_INFO = INCLUDE_SOURCE;
				MTL_FAST_MATH = YES;
				ONLY_ACTIVE_ARCH = YES;
				SDKROOT = iphoneos;
				SWIFT_ACTIVE_COMPILATION_CONDITIONS = "DEBUG $(inherited)";
				SWIFT_OPTIMIZATION_LEVEL = "-Onone";
			};
			name = Debug;
		};
		4E630F1B2B9F7E090008F887 /* Release */ = {
			isa = XCBuildConfiguration;
			buildSettings = {
				ALWAYS_SEARCH_USER_PATHS = NO;
				ASSETCATALOG_COMPILER_GENERATE_SWIFT_ASSET_SYMBOL_EXTENSIONS = YES;
				CLANG_ANALYZER_NONNULL = YES;
				CLANG_ANALYZER_NUMBER_OBJECT_CONVERSION = YES_AGGRESSIVE;
				CLANG_CXX_LANGUAGE_STANDARD = "gnu++20";
				CLANG_ENABLE_MODULES = YES;
				CLANG_ENABLE_OBJC_ARC = YES;
				CLANG_ENABLE_OBJC_WEAK = YES;
				CLANG_WARN_BLOCK_CAPTURE_AUTORELEASING = YES;
				CLANG_WARN_BOOL_CONVERSION = YES;
				CLANG_WARN_COMMA = YES;
				CLANG_WARN_CONSTANT_CONVERSION = YES;
				CLANG_WARN_DEPRECATED_OBJC_IMPLEMENTATIONS = YES;
				CLANG_WARN_DIRECT_OBJC_ISA_USAGE = YES_ERROR;
				CLANG_WARN_DOCUMENTATION_COMMENTS = YES;
				CLANG_WARN_EMPTY_BODY = YES;
				CLANG_WARN_ENUM_CONVERSION = YES;
				CLANG_WARN_INFINITE_RECURSION = YES;
				CLANG_WARN_INT_CONVERSION = YES;
				CLANG_WARN_NON_LITERAL_NULL_CONVERSION = YES;
				CLANG_WARN_OBJC_IMPLICIT_RETAIN_SELF = YES;
				CLANG_WARN_OBJC_LITERAL_CONVERSION = YES;
				CLANG_WARN_OBJC_ROOT_CLASS = YES_ERROR;
				CLANG_WARN_QUOTED_INCLUDE_IN_FRAMEWORK_HEADER = YES;
				CLANG_WARN_RANGE_LOOP_ANALYSIS = YES;
				CLANG_WARN_STRICT_PROTOTYPES = YES;
				CLANG_WARN_SUSPICIOUS_MOVE = YES;
				CLANG_WARN_UNGUARDED_AVAILABILITY = YES_AGGRESSIVE;
				CLANG_WARN_UNREACHABLE_CODE = YES;
				CLANG_WARN__DUPLICATE_METHOD_MATCH = YES;
				COPY_PHASE_STRIP = NO;
				DEBUG_INFORMATION_FORMAT = "dwarf-with-dsym";
				ENABLE_NS_ASSERTIONS = NO;
				ENABLE_STRICT_OBJC_MSGSEND = YES;
				ENABLE_USER_SCRIPT_SANDBOXING = YES;
				GCC_C_LANGUAGE_STANDARD = gnu17;
				GCC_NO_COMMON_BLOCKS = YES;
				GCC_WARN_64_TO_32_BIT_CONVERSION = YES;
				GCC_WARN_ABOUT_RETURN_TYPE = YES_ERROR;
				GCC_WARN_UNDECLARED_SELECTOR = YES;
				GCC_WARN_UNINITIALIZED_AUTOS = YES_AGGRESSIVE;
				GCC_WARN_UNUSED_FUNCTION = YES;
				GCC_WARN_UNUSED_VARIABLE = YES;
				IPHONEOS_DEPLOYMENT_TARGET = 17.2;
				LOCALIZATION_PREFERS_STRING_CATALOGS = YES;
				MTL_ENABLE_DEBUG_INFO = NO;
				MTL_FAST_MATH = YES;
				SDKROOT = iphoneos;
				SWIFT_COMPILATION_MODE = wholemodule;
				VALIDATE_PRODUCT = YES;
			};
			name = Release;
		};
		4E630F1D2B9F7E090008F887 /* Debug */ = {
			isa = XCBuildConfiguration;
			buildSettings = {
				ASSETCATALOG_COMPILER_APPICON_NAME = AppIcon;
				ASSETCATALOG_COMPILER_GLOBAL_ACCENT_COLOR_NAME = AccentColor;
				CODE_SIGN_STYLE = Automatic;
				CURRENT_PROJECT_VERSION = 1;
				DEVELOPMENT_TEAM = VFS4882B2L;
				ENABLE_USER_SCRIPT_SANDBOXING = NO;
				GENERATE_INFOPLIST_FILE = YES;
				INFOPLIST_FILE = "star-dash/Info.plist";
				INFOPLIST_KEY_UIApplicationSupportsIndirectInputEvents = YES;
				INFOPLIST_KEY_UILaunchStoryboardName = LaunchScreen;
				INFOPLIST_KEY_UIMainStoryboardFile = Main;
				INFOPLIST_KEY_UISupportedInterfaceOrientations = "UIInterfaceOrientationLandscapeLeft UIInterfaceOrientationLandscapeRight UIInterfaceOrientationPortrait";
				INFOPLIST_KEY_UISupportedInterfaceOrientations_iPad = "UIInterfaceOrientationLandscapeLeft UIInterfaceOrientationLandscapeRight";
				IPHONEOS_DEPLOYMENT_TARGET = 15.0;
				LD_RUNPATH_SEARCH_PATHS = (
					"$(inherited)",
					"@executable_path/Frameworks",
				);
				MARKETING_VERSION = 1.0;
				PRODUCT_BUNDLE_IDENTIFIER = "junyi-star-dash";
				PRODUCT_NAME = "$(TARGET_NAME)";
				SUPPORTED_PLATFORMS = "iphoneos iphonesimulator";
				SUPPORTS_MACCATALYST = NO;
				SUPPORTS_MAC_DESIGNED_FOR_IPHONE_IPAD = NO;
				SUPPORTS_XR_DESIGNED_FOR_IPHONE_IPAD = NO;
				SWIFT_EMIT_LOC_STRINGS = YES;
				SWIFT_VERSION = 5.0;
				TARGETED_DEVICE_FAMILY = 2;
			};
			name = Debug;
		};
		4E630F1E2B9F7E090008F887 /* Release */ = {
			isa = XCBuildConfiguration;
			buildSettings = {
				ASSETCATALOG_COMPILER_APPICON_NAME = AppIcon;
				ASSETCATALOG_COMPILER_GLOBAL_ACCENT_COLOR_NAME = AccentColor;
				CODE_SIGN_STYLE = Automatic;
				CURRENT_PROJECT_VERSION = 1;
				DEVELOPMENT_TEAM = VFS4882B2L;
				ENABLE_USER_SCRIPT_SANDBOXING = NO;
				GENERATE_INFOPLIST_FILE = YES;
				INFOPLIST_FILE = "star-dash/Info.plist";
				INFOPLIST_KEY_UIApplicationSupportsIndirectInputEvents = YES;
				INFOPLIST_KEY_UILaunchStoryboardName = LaunchScreen;
				INFOPLIST_KEY_UIMainStoryboardFile = Main;
				INFOPLIST_KEY_UISupportedInterfaceOrientations = "UIInterfaceOrientationLandscapeLeft UIInterfaceOrientationLandscapeRight UIInterfaceOrientationPortrait";
				INFOPLIST_KEY_UISupportedInterfaceOrientations_iPad = "UIInterfaceOrientationLandscapeLeft UIInterfaceOrientationLandscapeRight";
				IPHONEOS_DEPLOYMENT_TARGET = 15.0;
				LD_RUNPATH_SEARCH_PATHS = (
					"$(inherited)",
					"@executable_path/Frameworks",
				);
				MARKETING_VERSION = 1.0;
				PRODUCT_BUNDLE_IDENTIFIER = "junyi-star-dash";
				PRODUCT_NAME = "$(TARGET_NAME)";
				SUPPORTED_PLATFORMS = "iphoneos iphonesimulator";
				SUPPORTS_MACCATALYST = NO;
				SUPPORTS_MAC_DESIGNED_FOR_IPHONE_IPAD = NO;
				SUPPORTS_XR_DESIGNED_FOR_IPHONE_IPAD = NO;
				SWIFT_EMIT_LOC_STRINGS = YES;
				SWIFT_VERSION = 5.0;
				TARGETED_DEVICE_FAMILY = 2;
			};
			name = Release;
		};
		4E630F202B9F7E090008F887 /* Debug */ = {
			isa = XCBuildConfiguration;
			buildSettings = {
				ALWAYS_EMBED_SWIFT_STANDARD_LIBRARIES = YES;
				BUNDLE_LOADER = "$(TEST_HOST)";
				CODE_SIGN_STYLE = Automatic;
				CURRENT_PROJECT_VERSION = 1;
				DEVELOPMENT_TEAM = VFS4882B2L;
				GENERATE_INFOPLIST_FILE = YES;
				IPHONEOS_DEPLOYMENT_TARGET = 17.2;
				MARKETING_VERSION = 1.0;
				PRODUCT_BUNDLE_IDENTIFIER = "ruihan.star-dashTests";
				PRODUCT_NAME = "$(TARGET_NAME)";
				SWIFT_EMIT_LOC_STRINGS = NO;
				SWIFT_VERSION = 5.0;
				TARGETED_DEVICE_FAMILY = "1,2";
				TEST_HOST = "$(BUILT_PRODUCTS_DIR)/star-dash.app/$(BUNDLE_EXECUTABLE_FOLDER_PATH)/star-dash";
			};
			name = Debug;
		};
		4E630F212B9F7E090008F887 /* Release */ = {
			isa = XCBuildConfiguration;
			buildSettings = {
				ALWAYS_EMBED_SWIFT_STANDARD_LIBRARIES = YES;
				BUNDLE_LOADER = "$(TEST_HOST)";
				CODE_SIGN_STYLE = Automatic;
				CURRENT_PROJECT_VERSION = 1;
				DEVELOPMENT_TEAM = VFS4882B2L;
				GENERATE_INFOPLIST_FILE = YES;
				IPHONEOS_DEPLOYMENT_TARGET = 17.2;
				MARKETING_VERSION = 1.0;
				PRODUCT_BUNDLE_IDENTIFIER = "ruihan.star-dashTests";
				PRODUCT_NAME = "$(TARGET_NAME)";
				SWIFT_EMIT_LOC_STRINGS = NO;
				SWIFT_VERSION = 5.0;
				TARGETED_DEVICE_FAMILY = "1,2";
				TEST_HOST = "$(BUILT_PRODUCTS_DIR)/star-dash.app/$(BUNDLE_EXECUTABLE_FOLDER_PATH)/star-dash";
			};
			name = Release;
		};
		4E630F232B9F7E090008F887 /* Debug */ = {
			isa = XCBuildConfiguration;
			buildSettings = {
				ALWAYS_EMBED_SWIFT_STANDARD_LIBRARIES = YES;
				CODE_SIGN_STYLE = Automatic;
				CURRENT_PROJECT_VERSION = 1;
				DEVELOPMENT_TEAM = VFS4882B2L;
				GENERATE_INFOPLIST_FILE = YES;
				MARKETING_VERSION = 1.0;
				PRODUCT_BUNDLE_IDENTIFIER = "ruihan.star-dashUITests";
				PRODUCT_NAME = "$(TARGET_NAME)";
				SWIFT_EMIT_LOC_STRINGS = NO;
				SWIFT_VERSION = 5.0;
				TARGETED_DEVICE_FAMILY = "1,2";
				TEST_TARGET_NAME = "star-dash";
			};
			name = Debug;
		};
		4E630F242B9F7E090008F887 /* Release */ = {
			isa = XCBuildConfiguration;
			buildSettings = {
				ALWAYS_EMBED_SWIFT_STANDARD_LIBRARIES = YES;
				CODE_SIGN_STYLE = Automatic;
				CURRENT_PROJECT_VERSION = 1;
				DEVELOPMENT_TEAM = VFS4882B2L;
				GENERATE_INFOPLIST_FILE = YES;
				MARKETING_VERSION = 1.0;
				PRODUCT_BUNDLE_IDENTIFIER = "ruihan.star-dashUITests";
				PRODUCT_NAME = "$(TARGET_NAME)";
				SWIFT_EMIT_LOC_STRINGS = NO;
				SWIFT_VERSION = 5.0;
				TARGETED_DEVICE_FAMILY = "1,2";
				TEST_TARGET_NAME = "star-dash";
			};
			name = Release;
		};
/* End XCBuildConfiguration section */

/* Begin XCConfigurationList section */
		4E630EED2B9F7E070008F887 /* Build configuration list for PBXProject "star-dash" */ = {
			isa = XCConfigurationList;
			buildConfigurations = (
				4E630F1A2B9F7E090008F887 /* Debug */,
				4E630F1B2B9F7E090008F887 /* Release */,
			);
			defaultConfigurationIsVisible = 0;
			defaultConfigurationName = Release;
		};
		4E630F1C2B9F7E090008F887 /* Build configuration list for PBXNativeTarget "star-dash" */ = {
			isa = XCConfigurationList;
			buildConfigurations = (
				4E630F1D2B9F7E090008F887 /* Debug */,
				4E630F1E2B9F7E090008F887 /* Release */,
			);
			defaultConfigurationIsVisible = 0;
			defaultConfigurationName = Release;
		};
		4E630F1F2B9F7E090008F887 /* Build configuration list for PBXNativeTarget "star-dashTests" */ = {
			isa = XCConfigurationList;
			buildConfigurations = (
				4E630F202B9F7E090008F887 /* Debug */,
				4E630F212B9F7E090008F887 /* Release */,
			);
			defaultConfigurationIsVisible = 0;
			defaultConfigurationName = Release;
		};
		4E630F222B9F7E090008F887 /* Build configuration list for PBXNativeTarget "star-dashUITests" */ = {
			isa = XCConfigurationList;
			buildConfigurations = (
				4E630F232B9F7E090008F887 /* Debug */,
				4E630F242B9F7E090008F887 /* Release */,
			);
			defaultConfigurationIsVisible = 0;
			defaultConfigurationName = Release;
		};
/* End XCConfigurationList section */

/* Begin XCRemoteSwiftPackageReference section */
		14E247912BA2CA920071FFC0 /* XCRemoteSwiftPackageReference "swift-collections" */ = {
			isa = XCRemoteSwiftPackageReference;
			repositoryURL = "https://github.com/apple/swift-collections.git";
			requirement = {
				kind = upToNextMajorVersion;
				minimumVersion = 1.1.0;
			};
		};
/* End XCRemoteSwiftPackageReference section */

/* Begin XCSwiftPackageProductDependency section */
		14E247922BA2CA920071FFC0 /* DequeModule */ = {
			isa = XCSwiftPackageProductDependency;
			package = 14E247912BA2CA920071FFC0 /* XCRemoteSwiftPackageReference "swift-collections" */;
			productName = DequeModule;
		};
/* End XCSwiftPackageProductDependency section */
	};
	rootObject = 4E630EEA2B9F7E070008F887 /* Project object */;
}
